// !$*UTF8*$!
{
	archiveVersion = 1;
	classes = {
	};
	objectVersion = 46;
	objects = {

/* Begin PBXBuildFile section */
		6AC48A9E1C8B9419002E2890 /* AppDelegate.swift in Sources */ = {isa = PBXBuildFile; fileRef = 6AC48A9D1C8B9419002E2890 /* AppDelegate.swift */; };
		6AC48AA01C8B9419002E2890 /* ViewController.swift in Sources */ = {isa = PBXBuildFile; fileRef = 6AC48A9F1C8B9419002E2890 /* ViewController.swift */; };
		6AC48AA31C8B9419002E2890 /* Main.storyboard in Resources */ = {isa = PBXBuildFile; fileRef = 6AC48AA11C8B9419002E2890 /* Main.storyboard */; };
		6AC48AA51C8B9419002E2890 /* Assets.xcassets in Resources */ = {isa = PBXBuildFile; fileRef = 6AC48AA41C8B9419002E2890 /* Assets.xcassets */; };
		6AC48AA81C8B9419002E2890 /* LaunchScreen.storyboard in Resources */ = {isa = PBXBuildFile; fileRef = 6AC48AA61C8B9419002E2890 /* LaunchScreen.storyboard */; };
		6AC48AB31C8B9419002E2890 /* GetLanguagesTests.swift in Sources */ = {isa = PBXBuildFile; fileRef = 6AC48AB21C8B9419002E2890 /* GetLanguagesTests.swift */; };
		6AC48ABE1C8B9419002E2890 /* GetLanguagesUITests.swift in Sources */ = {isa = PBXBuildFile; fileRef = 6AC48ABD1C8B9419002E2890 /* GetLanguagesUITests.swift */; };
/* End PBXBuildFile section */

/* Begin PBXContainerItemProxy section */
		6AC48AAF1C8B9419002E2890 /* PBXContainerItemProxy */ = {
			isa = PBXContainerItemProxy;
			containerPortal = 6AC48A921C8B9419002E2890 /* Project object */;
			proxyType = 1;
			remoteGlobalIDString = 6AC48A991C8B9419002E2890;
			remoteInfo = GetLanguages;
		};
		6AC48ABA1C8B9419002E2890 /* PBXContainerItemProxy */ = {
			isa = PBXContainerItemProxy;
			containerPortal = 6AC48A921C8B9419002E2890 /* Project object */;
			proxyType = 1;
			remoteGlobalIDString = 6AC48A991C8B9419002E2890;
			remoteInfo = GetLanguages;
		};
/* End PBXContainerItemProxy section */

/* Begin PBXFileReference section */
		6AC48A9A1C8B9419002E2890 /* GetLanguages.app */ = {isa = PBXFileReference; explicitFileType = wrapper.application; includeInIndex = 0; path = GetLanguages.app; sourceTree = BUILT_PRODUCTS_DIR; };
		6AC48A9D1C8B9419002E2890 /* AppDelegate.swift */ = {isa = PBXFileReference; lastKnownFileType = sourcecode.swift; path = AppDelegate.swift; sourceTree = "<group>"; };
		6AC48A9F1C8B9419002E2890 /* ViewController.swift */ = {isa = PBXFileReference; lastKnownFileType = sourcecode.swift; path = ViewController.swift; sourceTree = "<group>"; };
		6AC48AA21C8B9419002E2890 /* Base */ = {isa = PBXFileReference; lastKnownFileType = file.storyboard; name = Base; path = Base.lproj/Main.storyboard; sourceTree = "<group>"; };
		6AC48AA41C8B9419002E2890 /* Assets.xcassets */ = {isa = PBXFileReference; lastKnownFileType = folder.assetcatalog; path = Assets.xcassets; sourceTree = "<group>"; };
		6AC48AA71C8B9419002E2890 /* Base */ = {isa = PBXFileReference; lastKnownFileType = file.storyboard; name = Base; path = Base.lproj/LaunchScreen.storyboard; sourceTree = "<group>"; };
		6AC48AA91C8B9419002E2890 /* Info.plist */ = {isa = PBXFileReference; lastKnownFileType = text.plist.xml; path = Info.plist; sourceTree = "<group>"; };
		6AC48AAE1C8B9419002E2890 /* GetLanguagesTests.xctest */ = {isa = PBXFileReference; explicitFileType = wrapper.cfbundle; includeInIndex = 0; path = GetLanguagesTests.xctest; sourceTree = BUILT_PRODUCTS_DIR; };
		6AC48AB21C8B9419002E2890 /* GetLanguagesTests.swift */ = {isa = PBXFileReference; lastKnownFileType = sourcecode.swift; path = GetLanguagesTests.swift; sourceTree = "<group>"; };
		6AC48AB41C8B9419002E2890 /* Info.plist */ = {isa = PBXFileReference; lastKnownFileType = text.plist.xml; path = Info.plist; sourceTree = "<group>"; };
		6AC48AB91C8B9419002E2890 /* GetLanguagesUITests.xctest */ = {isa = PBXFileReference; explicitFileType = wrapper.cfbundle; includeInIndex = 0; path = GetLanguagesUITests.xctest; sourceTree = BUILT_PRODUCTS_DIR; };
		6AC48ABD1C8B9419002E2890 /* GetLanguagesUITests.swift */ = {isa = PBXFileReference; lastKnownFileType = sourcecode.swift; path = GetLanguagesUITests.swift; sourceTree = "<group>"; };
		6AC48ABF1C8B9419002E2890 /* Info.plist */ = {isa = PBXFileReference; lastKnownFileType = text.plist.xml; path = Info.plist; sourceTree = "<group>"; };
/* End PBXFileReference section */

/* Begin PBXFrameworksBuildPhase section */
		6AC48A971C8B9419002E2890 /* Frameworks */ = {
			isa = PBXFrameworksBuildPhase;
			buildActionMask = 2147483647;
			files = (
			);
			runOnlyForDeploymentPostprocessing = 0;
		};
		6AC48AAB1C8B9419002E2890 /* Frameworks */ = {
			isa = PBXFrameworksBuildPhase;
			buildActionMask = 2147483647;
			files = (
			);
			runOnlyForDeploymentPostprocessing = 0;
		};
		6AC48AB61C8B9419002E2890 /* Frameworks */ = {
			isa = PBXFrameworksBuildPhase;
			buildActionMask = 2147483647;
			files = (
			);
			runOnlyForDeploymentPostprocessing = 0;
		};
/* End PBXFrameworksBuildPhase section */

/* Begin PBXGroup section */
		6AC48A911C8B9419002E2890 = {
			isa = PBXGroup;
			children = (
				6AC48A9C1C8B9419002E2890 /* GetLanguages */,
				6AC48AB11C8B9419002E2890 /* GetLanguagesTests */,
				6AC48ABC1C8B9419002E2890 /* GetLanguagesUITests */,
				6AC48A9B1C8B9419002E2890 /* Products */,
			);
			sourceTree = "<group>";
		};
		6AC48A9B1C8B9419002E2890 /* Products */ = {
			isa = PBXGroup;
			children = (
				6AC48A9A1C8B9419002E2890 /* GetLanguages.app */,
				6AC48AAE1C8B9419002E2890 /* GetLanguagesTests.xctest */,
				6AC48AB91C8B9419002E2890 /* GetLanguagesUITests.xctest */,
			);
			name = Products;
			sourceTree = "<group>";
		};
		6AC48A9C1C8B9419002E2890 /* GetLanguages */ = {
			isa = PBXGroup;
			children = (
				6AC48A9D1C8B9419002E2890 /* AppDelegate.swift */,
				6AC48A9F1C8B9419002E2890 /* ViewController.swift */,
				6AC48AA11C8B9419002E2890 /* Main.storyboard */,
				6AC48AA41C8B9419002E2890 /* Assets.xcassets */,
				6AC48AA61C8B9419002E2890 /* LaunchScreen.storyboard */,
				6AC48AA91C8B9419002E2890 /* Info.plist */,
			);
			path = GetLanguages;
			sourceTree = "<group>";
		};
		6AC48AB11C8B9419002E2890 /* GetLanguagesTests */ = {
			isa = PBXGroup;
			children = (
				6AC48AB21C8B9419002E2890 /* GetLanguagesTests.swift */,
				6AC48AB41C8B9419002E2890 /* Info.plist */,
			);
			path = GetLanguagesTests;
			sourceTree = "<group>";
		};
		6AC48ABC1C8B9419002E2890 /* GetLanguagesUITests */ = {
			isa = PBXGroup;
			children = (
				6AC48ABD1C8B9419002E2890 /* GetLanguagesUITests.swift */,
				6AC48ABF1C8B9419002E2890 /* Info.plist */,
			);
			path = GetLanguagesUITests;
			sourceTree = "<group>";
		};
/* End PBXGroup section */

/* Begin PBXNativeTarget section */
		6AC48A991C8B9419002E2890 /* GetLanguages */ = {
			isa = PBXNativeTarget;
			buildConfigurationList = 6AC48AC21C8B9419002E2890 /* Build configuration list for PBXNativeTarget "GetLanguages" */;
			buildPhases = (
				6AC48A961C8B9419002E2890 /* Sources */,
				6AC48A971C8B9419002E2890 /* Frameworks */,
				6AC48A981C8B9419002E2890 /* Resources */,
			);
			buildRules = (
			);
			dependencies = (
			);
			name = GetLanguages;
			productName = GetLanguages;
			productReference = 6AC48A9A1C8B9419002E2890 /* GetLanguages.app */;
			productType = "com.apple.product-type.application";
		};
		6AC48AAD1C8B9419002E2890 /* GetLanguagesTests */ = {
			isa = PBXNativeTarget;
			buildConfigurationList = 6AC48AC51C8B9419002E2890 /* Build configuration list for PBXNativeTarget "GetLanguagesTests" */;
			buildPhases = (
				6AC48AAA1C8B9419002E2890 /* Sources */,
				6AC48AAB1C8B9419002E2890 /* Frameworks */,
				6AC48AAC1C8B9419002E2890 /* Resources */,
			);
			buildRules = (
			);
			dependencies = (
				6AC48AB01C8B9419002E2890 /* PBXTargetDependency */,
			);
			name = GetLanguagesTests;
			productName = GetLanguagesTests;
			productReference = 6AC48AAE1C8B9419002E2890 /* GetLanguagesTests.xctest */;
			productType = "com.apple.product-type.bundle.unit-test";
		};
		6AC48AB81C8B9419002E2890 /* GetLanguagesUITests */ = {
			isa = PBXNativeTarget;
			buildConfigurationList = 6AC48AC81C8B9419002E2890 /* Build configuration list for PBXNativeTarget "GetLanguagesUITests" */;
			buildPhases = (
				6AC48AB51C8B9419002E2890 /* Sources */,
				6AC48AB61C8B9419002E2890 /* Frameworks */,
				6AC48AB71C8B9419002E2890 /* Resources */,
			);
			buildRules = (
			);
			dependencies = (
				6AC48ABB1C8B9419002E2890 /* PBXTargetDependency */,
			);
			name = GetLanguagesUITests;
			productName = GetLanguagesUITests;
			productReference = 6AC48AB91C8B9419002E2890 /* GetLanguagesUITests.xctest */;
			productType = "com.apple.product-type.bundle.ui-testing";
		};
/* End PBXNativeTarget section */

/* Begin PBXProject section */
		6AC48A921C8B9419002E2890 /* Project object */ = {
			isa = PBXProject;
			attributes = {
				LastSwiftUpdateCheck = 0720;
				LastUpgradeCheck = 0720;
				ORGANIZATIONNAME = CAPH;
				TargetAttributes = {
					6AC48A991C8B9419002E2890 = {
						CreatedOnToolsVersion = 7.2.1;
					};
					6AC48AAD1C8B9419002E2890 = {
						CreatedOnToolsVersion = 7.2.1;
						TestTargetID = 6AC48A991C8B9419002E2890;
					};
					6AC48AB81C8B9419002E2890 = {
						CreatedOnToolsVersion = 7.2.1;
						TestTargetID = 6AC48A991C8B9419002E2890;
					};
				};
			};
			buildConfigurationList = 6AC48A951C8B9419002E2890 /* Build configuration list for PBXProject "GetLanguages" */;
			compatibilityVersion = "Xcode 3.2";
			developmentRegion = English;
			hasScannedForEncodings = 0;
			knownRegions = (
				en,
				Base,
			);
			mainGroup = 6AC48A911C8B9419002E2890;
			productRefGroup = 6AC48A9B1C8B9419002E2890 /* Products */;
			projectDirPath = "";
			projectRoot = "";
			targets = (
				6AC48A991C8B9419002E2890 /* GetLanguages */,
				6AC48AAD1C8B9419002E2890 /* GetLanguagesTests */,
				6AC48AB81C8B9419002E2890 /* GetLanguagesUITests */,
			);
		};
/* End PBXProject section */

/* Begin PBXResourcesBuildPhase section */
		6AC48A981C8B9419002E2890 /* Resources */ = {
			isa = PBXResourcesBuildPhase;
			buildActionMask = 2147483647;
			files = (
				6AC48AA81C8B9419002E2890 /* LaunchScreen.storyboard in Resources */,
				6AC48AA51C8B9419002E2890 /* Assets.xcassets in Resources */,
				6AC48AA31C8B9419002E2890 /* Main.storyboard in Resources */,
			);
			runOnlyForDeploymentPostprocessing = 0;
		};
		6AC48AAC1C8B9419002E2890 /* Resources */ = {
			isa = PBXResourcesBuildPhase;
			buildActionMask = 2147483647;
			files = (
			);
			runOnlyForDeploymentPostprocessing = 0;
		};
		6AC48AB71C8B9419002E2890 /* Resources */ = {
			isa = PBXResourcesBuildPhase;
			buildActionMask = 2147483647;
			files = (
			);
			runOnlyForDeploymentPostprocessing = 0;
		};
/* End PBXResourcesBuildPhase section */

/* Begin PBXSourcesBuildPhase section */
		6AC48A961C8B9419002E2890 /* Sources */ = {
			isa = PBXSourcesBuildPhase;
			buildActionMask = 2147483647;
			files = (
				6AC48AA01C8B9419002E2890 /* ViewController.swift in Sources */,
				6AC48A9E1C8B9419002E2890 /* AppDelegate.swift in Sources */,
			);
			runOnlyForDeploymentPostprocessing = 0;
		};
		6AC48AAA1C8B9419002E2890 /* Sources */ = {
			isa = PBXSourcesBuildPhase;
			buildActionMask = 2147483647;
			files = (
				6AC48AB31C8B9419002E2890 /* GetLanguagesTests.swift in Sources */,
			);
			runOnlyForDeploymentPostprocessing = 0;
		};
		6AC48AB51C8B9419002E2890 /* Sources */ = {
			isa = PBXSourcesBuildPhase;
			buildActionMask = 2147483647;
			files = (
				6AC48ABE1C8B9419002E2890 /* GetLanguagesUITests.swift in Sources */,
			);
			runOnlyForDeploymentPostprocessing = 0;
		};
/* End PBXSourcesBuildPhase section */

/* Begin PBXTargetDependency section */
		6AC48AB01C8B9419002E2890 /* PBXTargetDependency */ = {
			isa = PBXTargetDependency;
			target = 6AC48A991C8B9419002E2890 /* GetLanguages */;
			targetProxy = 6AC48AAF1C8B9419002E2890 /* PBXContainerItemProxy */;
		};
		6AC48ABB1C8B9419002E2890 /* PBXTargetDependency */ = {
			isa = PBXTargetDependency;
			target = 6AC48A991C8B9419002E2890 /* GetLanguages */;
			targetProxy = 6AC48ABA1C8B9419002E2890 /* PBXContainerItemProxy */;
		};
/* End PBXTargetDependency section */

/* Begin PBXVariantGroup section */
		6AC48AA11C8B9419002E2890 /* Main.storyboard */ = {
			isa = PBXVariantGroup;
			children = (
				6AC48AA21C8B9419002E2890 /* Base */,
			);
			name = Main.storyboard;
			sourceTree = "<group>";
		};
		6AC48AA61C8B9419002E2890 /* LaunchScreen.storyboard */ = {
			isa = PBXVariantGroup;
			children = (
				6AC48AA71C8B9419002E2890 /* Base */,
			);
			name = LaunchScreen.storyboard;
			sourceTree = "<group>";
		};
/* End PBXVariantGroup section */

/* Begin XCBuildConfiguration section */
		6AC48AC01C8B9419002E2890 /* Debug */ = {
			isa = XCBuildConfiguration;
			buildSettings = {
				ALWAYS_SEARCH_USER_PATHS = NO;
				CLANG_CXX_LANGUAGE_STANDARD = "gnu++0x";
				CLANG_CXX_LIBRARY = "libc++";
				CLANG_ENABLE_MODULES = YES;
				CLANG_ENABLE_OBJC_ARC = YES;
				CLANG_WARN_BOOL_CONVERSION = YES;
				CLANG_WARN_CONSTANT_CONVERSION = YES;
				CLANG_WARN_DIRECT_OBJC_ISA_USAGE = YES_ERROR;
				CLANG_WARN_EMPTY_BODY = YES;
				CLANG_WARN_ENUM_CONVERSION = YES;
				CLANG_WARN_INT_CONVERSION = YES;
				CLANG_WARN_OBJC_ROOT_CLASS = YES_ERROR;
				CLANG_WARN_UNREACHABLE_CODE = YES;
				CLANG_WARN__DUPLICATE_METHOD_MATCH = YES;
				"CODE_SIGN_IDENTITY[sdk=iphoneos*]" = "iPhone Developer";
				COPY_PHASE_STRIP = NO;
				DEBUG_INFORMATION_FORMAT = dwarf;
				ENABLE_STRICT_OBJC_MSGSEND = YES;
				ENABLE_TESTABILITY = YES;
				GCC_C_LANGUAGE_STANDARD = gnu99;
				GCC_DYNAMIC_NO_PIC = NO;
				GCC_NO_COMMON_BLOCKS = YES;
				GCC_OPTIMIZATION_LEVEL = 0;
				GCC_PREPROCESSOR_DEFINITIONS = (
					"DEBUG=1",
					"$(inherited)",
				);
				GCC_WARN_64_TO_32_BIT_CONVERSION = YES;
				GCC_WARN_ABOUT_RETURN_TYPE = YES_ERROR;
				GCC_WARN_UNDECLARED_SELECTOR = YES;
				GCC_WARN_UNINITIALIZED_AUTOS = YES_AGGRESSIVE;
				GCC_WARN_UNUSED_FUNCTION = YES;
				GCC_WARN_UNUSED_VARIABLE = YES;
				IPHONEOS_DEPLOYMENT_TARGET = 9.2;
				MTL_ENABLE_DEBUG_INFO = YES;
				ONLY_ACTIVE_ARCH = YES;
				SDKROOT = iphoneos;
				SWIFT_OPTIMIZATION_LEVEL = "-Onone";
			};
			name = Debug;
		};
		6AC48AC11C8B9419002E2890 /* Release */ = {
			isa = XCBuildConfiguration;
			buildSettings = {
				ALWAYS_SEARCH_USER_PATHS = NO;
				CLANG_CXX_LANGUAGE_STANDARD = "gnu++0x";
				CLANG_CXX_LIBRARY = "libc++";
				CLANG_ENABLE_MODULES = YES;
				CLANG_ENABLE_OBJC_ARC = YES;
				CLANG_WARN_BOOL_CONVERSION = YES;
				CLANG_WARN_CONSTANT_CONVERSION = YES;
				CLANG_WARN_DIRECT_OBJC_ISA_USAGE = YES_ERROR;
				CLANG_WARN_EMPTY_BODY = YES;
				CLANG_WARN_ENUM_CONVERSION = YES;
				CLANG_WARN_INT_CONVERSION = YES;
				CLANG_WARN_OBJC_ROOT_CLASS = YES_ERROR;
				CLANG_WARN_UNREACHABLE_CODE = YES;
				CLANG_WARN__DUPLICATE_METHOD_MATCH = YES;
				"CODE_SIGN_IDENTITY[sdk=iphoneos*]" = "iPhone Developer";
				COPY_PHASE_STRIP = NO;
				DEBUG_INFORMATION_FORMAT = "dwarf-with-dsym";
				ENABLE_NS_ASSERTIONS = NO;
				ENABLE_STRICT_OBJC_MSGSEND = YES;
				GCC_C_LANGUAGE_STANDARD = gnu99;
				GCC_NO_COMMON_BLOCKS = YES;
				GCC_WARN_64_TO_32_BIT_CONVERSION = YES;
				GCC_WARN_ABOUT_RETURN_TYPE = YES_ERROR;
				GCC_WARN_UNDECLARED_SELECTOR = YES;
				GCC_WARN_UNINITIALIZED_AUTOS = YES_AGGRESSIVE;
				GCC_WARN_UNUSED_FUNCTION = YES;
				GCC_WARN_UNUSED_VARIABLE = YES;
				IPHONEOS_DEPLOYMENT_TARGET = 9.2;
				MTL_ENABLE_DEBUG_INFO = NO;
				SDKROOT = iphoneos;
				VALIDATE_PRODUCT = YES;
			};
			name = Release;
		};
		6AC48AC31C8B9419002E2890 /* Debug */ = {
			isa = XCBuildConfiguration;
			buildSettings = {
				ASSETCATALOG_COMPILER_APPICON_NAME = AppIcon;
				INFOPLIST_FILE = GetLanguages/Info.plist;
				LD_RUNPATH_SEARCH_PATHS = "$(inherited) @executable_path/Frameworks";
				PRODUCT_BUNDLE_IDENTIFIER = jp.caph.GetLanguages;
				PRODUCT_NAME = "$(TARGET_NAME)";
			};
			name = Debug;
		};
		6AC48AC41C8B9419002E2890 /* Release */ = {
			isa = XCBuildConfiguration;
			buildSettings = {
				ASSETCATALOG_COMPILER_APPICON_NAME = AppIcon;
				INFOPLIST_FILE = GetLanguages/Info.plist;
				LD_RUNPATH_SEARCH_PATHS = "$(inherited) @executable_path/Frameworks";
				PRODUCT_BUNDLE_IDENTIFIER = jp.caph.GetLanguages;
				PRODUCT_NAME = "$(TARGET_NAME)";
			};
			name = Release;
		};
		6AC48AC61C8B9419002E2890 /* Debug */ = {
			isa = XCBuildConfiguration;
			buildSettings = {
				BUNDLE_LOADER = "$(TEST_HOST)";
				INFOPLIST_FILE = GetLanguagesTests/Info.plist;
				LD_RUNPATH_SEARCH_PATHS = "$(inherited) @executable_path/Frameworks @loader_path/Frameworks";
				PRODUCT_BUNDLE_IDENTIFIER = jp.caph.GetLanguagesTests;
				PRODUCT_NAME = "$(TARGET_NAME)";
				TEST_HOST = "$(BUILT_PRODUCTS_DIR)/GetLanguages.app/GetLanguages";
			};
			name = Debug;
		};
		6AC48AC71C8B9419002E2890 /* Release */ = {
			isa = XCBuildConfiguration;
			buildSettings = {
				BUNDLE_LOADER = "$(TEST_HOST)";
				INFOPLIST_FILE = GetLanguagesTests/Info.plist;
				LD_RUNPATH_SEARCH_PATHS = "$(inherited) @executable_path/Frameworks @loader_path/Frameworks";
				PRODUCT_BUNDLE_IDENTIFIER = jp.caph.GetLanguagesTests;
				PRODUCT_NAME = "$(TARGET_NAME)";
				TEST_HOST = "$(BUILT_PRODUCTS_DIR)/GetLanguages.app/GetLanguages";
			};
			name = Release;
		};
		6AC48AC91C8B9419002E2890 /* Debug */ = {
			isa = XCBuildConfiguration;
			buildSettings = {
				INFOPLIST_FILE = GetLanguagesUITests/Info.plist;
				LD_RUNPATH_SEARCH_PATHS = "$(inherited) @executable_path/Frameworks @loader_path/Frameworks";
				PRODUCT_BUNDLE_IDENTIFIER = jp.caph.GetLanguagesUITests;
				PRODUCT_NAME = "$(TARGET_NAME)";
				TEST_TARGET_NAME = GetLanguages;
				USES_XCTRUNNER = YES;
			};
			name = Debug;
		};
		6AC48ACA1C8B9419002E2890 /* Release */ = {
			isa = XCBuildConfiguration;
			buildSettings = {
				INFOPLIST_FILE = GetLanguagesUITests/Info.plist;
				LD_RUNPATH_SEARCH_PATHS = "$(inherited) @executable_path/Frameworks @loader_path/Frameworks";
				PRODUCT_BUNDLE_IDENTIFIER = jp.caph.GetLanguagesUITests;
				PRODUCT_NAME = "$(TARGET_NAME)";
				TEST_TARGET_NAME = GetLanguages;
				USES_XCTRUNNER = YES;
			};
			name = Release;
		};
/* End XCBuildConfiguration section */

/* Begin XCConfigurationList section */
		6AC48A951C8B9419002E2890 /* Build configuration list for PBXProject "GetLanguages" */ = {
			isa = XCConfigurationList;
			buildConfigurations = (
				6AC48AC01C8B9419002E2890 /* Debug */,
				6AC48AC11C8B9419002E2890 /* Release */,
			);
			defaultConfigurationIsVisible = 0;
			defaultConfigurationName = Release;
		};
		6AC48AC21C8B9419002E2890 /* Build configuration list for PBXNativeTarget "GetLanguages" */ = {
			isa = XCConfigurationList;
			buildConfigurations = (
				6AC48AC31C8B9419002E2890 /* Debug */,
				6AC48AC41C8B9419002E2890 /* Release */,
			);
			defaultConfigurationIsVisible = 0;
		};
		6AC48AC51C8B9419002E2890 /* Build configuration list for PBXNativeTarget "GetLanguagesTests" */ = {
			isa = XCConfigurationList;
			buildConfigurations = (
				6AC48AC61C8B9419002E2890 /* Debug */,
				6AC48AC71C8B9419002E2890 /* Release */,
			);
			defaultConfigurationIsVisible = 0;
		};
		6AC48AC81C8B9419002E2890 /* Build configuration list for PBXNativeTarget "GetLanguagesUITests" */ = {
			isa = XCConfigurationList;
			buildConfigurations = (
				6AC48AC91C8B9419002E2890 /* Debug */,
				6AC48ACA1C8B9419002E2890 /* Release */,
			);
			defaultConfigurationIsVisible = 0;
		};
/* End XCConfigurationList section */
	};
	rootObject = 6AC48A921C8B9419002E2890 /* Project object */;
}
