// !$*UTF8*$!
{
	archiveVersion = 1;
	classes = {
	};
	objectVersion = 46;
	objects = {

/* Begin PBXBuildFile section */
		693BC09B3677B6498CD11C8E /* Pods_GetLanguagesUITests.framework in Frameworks */ = {isa = PBXBuildFile; fileRef = 6E90752372D30A86EC3A8FC7 /* Pods_GetLanguagesUITests.framework */; };
		6A1F3CA71C8DBB3A00B9BA17 /* Rex.framework in Frameworks */ = {isa = PBXBuildFile; fileRef = 6A1F3CA61C8DBB3A00B9BA17 /* Rex.framework */; };
		6A1F3CAA1C8E43F100B9BA17 /* APIKit.framework in Frameworks */ = {isa = PBXBuildFile; fileRef = 6A1F3CA81C8E43F100B9BA17 /* APIKit.framework */; };
		6A1F3CAB1C8E43F100B9BA17 /* Himotoki.framework in Frameworks */ = {isa = PBXBuildFile; fileRef = 6A1F3CA91C8E43F100B9BA17 /* Himotoki.framework */; };
		6A1F3CAF1C8E4B4200B9BA17 /* Realm.framework in Frameworks */ = {isa = PBXBuildFile; fileRef = 6A1F3CAD1C8E4B4200B9BA17 /* Realm.framework */; };
		6A1F3CB01C8E4B4200B9BA17 /* RealmSwift.framework in Frameworks */ = {isa = PBXBuildFile; fileRef = 6A1F3CAE1C8E4B4200B9BA17 /* RealmSwift.framework */; };
		6AC48A9E1C8B9419002E2890 /* AppDelegate.swift in Sources */ = {isa = PBXBuildFile; fileRef = 6AC48A9D1C8B9419002E2890 /* AppDelegate.swift */; };
		6AC48AA31C8B9419002E2890 /* Main.storyboard in Resources */ = {isa = PBXBuildFile; fileRef = 6AC48AA11C8B9419002E2890 /* Main.storyboard */; };
		6AC48AA51C8B9419002E2890 /* Assets.xcassets in Resources */ = {isa = PBXBuildFile; fileRef = 6AC48AA41C8B9419002E2890 /* Assets.xcassets */; };
		6AC48AA81C8B9419002E2890 /* LaunchScreen.storyboard in Resources */ = {isa = PBXBuildFile; fileRef = 6AC48AA61C8B9419002E2890 /* LaunchScreen.storyboard */; };
		6AC48ABE1C8B9419002E2890 /* GetLanguagesUITests.swift in Sources */ = {isa = PBXBuildFile; fileRef = 6AC48ABD1C8B9419002E2890 /* GetLanguagesUITests.swift */; };
		6AC48ACD1C8B9584002E2890 /* R.generated.swift in Sources */ = {isa = PBXBuildFile; fileRef = 6AC48ACC1C8B9584002E2890 /* R.generated.swift */; };
		6AC48AD01C8B96AF002E2890 /* Nimble.framework in Frameworks */ = {isa = PBXBuildFile; fileRef = 6AC48ACE1C8B96AF002E2890 /* Nimble.framework */; };
		6AC48AD11C8B96AF002E2890 /* Nimble.framework in Frameworks */ = {isa = PBXBuildFile; fileRef = 6AC48ACE1C8B96AF002E2890 /* Nimble.framework */; };
		6AC48AD21C8B96AF002E2890 /* Quick.framework in Frameworks */ = {isa = PBXBuildFile; fileRef = 6AC48ACF1C8B96AF002E2890 /* Quick.framework */; };
		6AC48AD31C8B96AF002E2890 /* Quick.framework in Frameworks */ = {isa = PBXBuildFile; fileRef = 6AC48ACF1C8B96AF002E2890 /* Quick.framework */; };
		6AC48AD91C8B96B9002E2890 /* ReactiveCocoa.framework in Frameworks */ = {isa = PBXBuildFile; fileRef = 6AC48AD41C8B96B9002E2890 /* ReactiveCocoa.framework */; };
		6AC48ADA1C8B96B9002E2890 /* Result.framework in Frameworks */ = {isa = PBXBuildFile; fileRef = 6AC48AD51C8B96B9002E2890 /* Result.framework */; };
		6AC48ADB1C8B96B9002E2890 /* Swiftz.framework in Frameworks */ = {isa = PBXBuildFile; fileRef = 6AC48AD61C8B96B9002E2890 /* Swiftz.framework */; };
		6AC48ADC1C8B96B9002E2890 /* Swinject.framework in Frameworks */ = {isa = PBXBuildFile; fileRef = 6AC48AD71C8B96B9002E2890 /* Swinject.framework */; };
		6AC48ADD1C8B96B9002E2890 /* TransitionOperator.framework in Frameworks */ = {isa = PBXBuildFile; fileRef = 6AC48AD81C8B96B9002E2890 /* TransitionOperator.framework */; };
		6AC48AE11C8B9EAD002E2890 /* LanguageCatcherViewController.swift in Sources */ = {isa = PBXBuildFile; fileRef = 6AC48AE01C8B9EAD002E2890 /* LanguageCatcherViewController.swift */; };
		6AC48AE31C8BAC43002E2890 /* ReactiveCocoa.framework in Frameworks */ = {isa = PBXBuildFile; fileRef = 6AC48AD41C8B96B9002E2890 /* ReactiveCocoa.framework */; };
		6AC48AE41C8BAC48002E2890 /* Result.framework in Frameworks */ = {isa = PBXBuildFile; fileRef = 6AC48AD51C8B96B9002E2890 /* Result.framework */; };
		6AC48AE61C8BAC89002E2890 /* Nimble.framework in Copy Frameworks */ = {isa = PBXBuildFile; fileRef = 6AC48ACE1C8B96AF002E2890 /* Nimble.framework */; settings = {ATTRIBUTES = (CodeSignOnCopy, RemoveHeadersOnCopy, ); }; };
		6AC48AE71C8BAC89002E2890 /* Quick.framework in Copy Frameworks */ = {isa = PBXBuildFile; fileRef = 6AC48ACF1C8B96AF002E2890 /* Quick.framework */; settings = {ATTRIBUTES = (CodeSignOnCopy, RemoveHeadersOnCopy, ); }; };
		6ACE14671C8F963A00DADF3F /* Realm.framework in Frameworks */ = {isa = PBXBuildFile; fileRef = 6A1F3CAD1C8E4B4200B9BA17 /* Realm.framework */; };
		6ACE14681C8F963A00DADF3F /* RealmSwift.framework in Frameworks */ = {isa = PBXBuildFile; fileRef = 6A1F3CAE1C8E4B4200B9BA17 /* RealmSwift.framework */; };
		6ACE146A1C90D38F00DADF3F /* CaughtLanguageList.storyboard in Resources */ = {isa = PBXBuildFile; fileRef = 6ACE14691C90D38F00DADF3F /* CaughtLanguageList.storyboard */; };
		6ACE146C1C90D46700DADF3F /* CaughtLanguageListViewController.swift in Sources */ = {isa = PBXBuildFile; fileRef = 6ACE146B1C90D46700DADF3F /* CaughtLanguageListViewController.swift */; };
		70E3DFDB1A68E155CB5AC1C1 /* Pods.framework in Frameworks */ = {isa = PBXBuildFile; fileRef = FA38DAC5133A10222B6C1379 /* Pods.framework */; };
		CB876059D1304DF4A8E77E9F /* LanguageInfoTranslator.swift in Sources */ = {isa = PBXBuildFile; fileRef = CB876DD891B03CFF57EADEE8 /* LanguageInfoTranslator.swift */; };
		CB87607064FDD0752554E42A /* LanguageInfoTranslatorSpec.swift in Sources */ = {isa = PBXBuildFile; fileRef = CB876EA1B1A91B8A9064B6B2 /* LanguageInfoTranslatorSpec.swift */; };
		CB87607897BB6CDF0C8F56A8 /* LanguageCatcherInteractorSpec.swift in Sources */ = {isa = PBXBuildFile; fileRef = CB8767B9EFE47F89F040AFD5 /* LanguageCatcherInteractorSpec.swift */; };
		CB8760D3AD4D4398D9790BC9 /* LanguageCatcherPresenter.swift in Sources */ = {isa = PBXBuildFile; fileRef = CB876624267F0EE1CD42FBE8 /* LanguageCatcherPresenter.swift */; };
		CB8760DB0A487F8EA8CC4BB8 /* properties.json in Resources */ = {isa = PBXBuildFile; fileRef = CB8768929774F9EF0086E0C0 /* properties.json */; };
		CB876102B12F0B8BCAD89B48 /* UnconfirmedLanguageViewModelTranslatorSpec.swift in Sources */ = {isa = PBXBuildFile; fileRef = CB876A7B7922C9B542255BCB /* UnconfirmedLanguageViewModelTranslatorSpec.swift */; };
		CB8761E51C63FF06C1CBDC39 /* StaticColorMaker.swift in Sources */ = {isa = PBXBuildFile; fileRef = CB8761346FDEE041788E4DF6 /* StaticColorMaker.swift */; };
		CB87624270DEB3218C8796DE /* Assembler.swift in Sources */ = {isa = PBXBuildFile; fileRef = CB8765D70EDEEC00234F1D50 /* Assembler.swift */; };
		CB8762D2AEE244F407DD8660 /* LanguageType.swift in Sources */ = {isa = PBXBuildFile; fileRef = CB87638C77D51F35CF39AE12 /* LanguageType.swift */; };
		CB87633A1DA2B04FD866500D /* TestingTransitionExecutor.swift in Sources */ = {isa = PBXBuildFile; fileRef = CB87668D73464EE0581118E7 /* TestingTransitionExecutor.swift */; };
		CB87635424767F9B8A34E9E7 /* LanguageCatcherLocalDataManagerSpec.swift in Sources */ = {isa = PBXBuildFile; fileRef = CB876F347C66AF50277C1930 /* LanguageCatcherLocalDataManagerSpec.swift */; };
		CB8763A54BE86FDC37DCCF05 /* WikipediaCategoryRequest.swift in Sources */ = {isa = PBXBuildFile; fileRef = CB876B15038C561FBDF6111C /* WikipediaCategoryRequest.swift */; };
		CB8764055461FEB004EC2F25 /* LanguageCatcherAssembly.swift in Sources */ = {isa = PBXBuildFile; fileRef = CB876605F8D738DB49BFF555 /* LanguageCatcherAssembly.swift */; };
		CB8764521B21DA4F91D7DAF8 /* LanguageCatcherDataManager.swift in Sources */ = {isa = PBXBuildFile; fileRef = CB876E9A9625EF9D4288880E /* LanguageCatcherDataManager.swift */; };
		CB8764832C45ADEDD9475E4F /* UnconfirmedLanguageViewModelTranslator.swift in Sources */ = {isa = PBXBuildFile; fileRef = CB876598C5B9CF6D7B2E3BF6 /* UnconfirmedLanguageViewModelTranslator.swift */; };
		CB876485F97978356A0F43FF /* PositionMakerType.swift in Sources */ = {isa = PBXBuildFile; fileRef = CB8761657A280B37B3142540 /* PositionMakerType.swift */; };
		CB876489D10FA86609F2D8EF /* UnconfirmedLanguageSpec.swift in Sources */ = {isa = PBXBuildFile; fileRef = CB8760EBF62CF38980D1602E /* UnconfirmedLanguageSpec.swift */; };
		CB8764E1174D01F0D89B1C69 /* Translator.swift in Sources */ = {isa = PBXBuildFile; fileRef = CB876C15D5AC33AD5B31FA02 /* Translator.swift */; };
		CB8764E146C485560FDA2459 /* RandomColorMakerSpec.swift in Sources */ = {isa = PBXBuildFile; fileRef = CB8766C79A38ACBC67139D0C /* RandomColorMakerSpec.swift */; };
		CB8765582174D12CA711ADDD /* LanguageCatcherDataManagerType.swift in Sources */ = {isa = PBXBuildFile; fileRef = CB876623B408427053D1C648 /* LanguageCatcherDataManagerType.swift */; };
		CB8765A29D09A21708313727 /* FieldView.swift in Sources */ = {isa = PBXBuildFile; fileRef = CB876E960D62167209BD76AE /* FieldView.swift */; };
		CB8765F48A0670DF27644EA9 /* WikipediaRequestType.swift in Sources */ = {isa = PBXBuildFile; fileRef = CB876FB05C8188F238E2E434 /* WikipediaRequestType.swift */; };
		CB87661BE8C6F86F25214702 /* StaticPositionMaker.swift in Sources */ = {isa = PBXBuildFile; fileRef = CB876BB545493AF489D1E126 /* StaticPositionMaker.swift */; };
		CB8766832111578F122EB7DC /* LanguageCatcherWireframe.swift in Sources */ = {isa = PBXBuildFile; fileRef = CB876601F7BEFFED3C456AF4 /* LanguageCatcherWireframe.swift */; };
		CB8766CC92B31D471C0368D6 /* TestingCaughtLanguageListPresenter.swift in Sources */ = {isa = PBXBuildFile; fileRef = CB8768F85C0498A21CCD30E8 /* TestingCaughtLanguageListPresenter.swift */; };
		CB8766DC9800684E52726E06 /* UnconfirmedLanguageViewModelSpec.swift in Sources */ = {isa = PBXBuildFile; fileRef = CB87649FB95332C3464B222A /* UnconfirmedLanguageViewModelSpec.swift */; };
		CB8766E543C0C0BC032D9FC5 /* UnconfirmedLanguageViewModelType.swift in Sources */ = {isa = PBXBuildFile; fileRef = CB876F6D50C9B69D7E570A53 /* UnconfirmedLanguageViewModelType.swift */; };
		CB876709D89606E64DF349FC /* LanguageCatcherTransition.swift in Sources */ = {isa = PBXBuildFile; fileRef = CB876642AF5ACA39334E8817 /* LanguageCatcherTransition.swift */; };
		CB8767857995C217078C65BA /* UnconfirmedLanguageViewModel.swift in Sources */ = {isa = PBXBuildFile; fileRef = CB876FA6A25ABCC8B7031979 /* UnconfirmedLanguageViewModel.swift */; };
		CB876819C0BC3F4E0F4A823E /* category_failed.json in Resources */ = {isa = PBXBuildFile; fileRef = CB87637EBD1D278B783C7E10 /* category_failed.json */; };
		CB8768290AE1C27614A9815F /* UnconfirmedLanguageViewSpec.swift in Sources */ = {isa = PBXBuildFile; fileRef = CB87646280F1D53BAC01D3FD /* UnconfirmedLanguageViewSpec.swift */; };
		CB87682ED3FA024D1D6684D3 /* RandomPositionMakerSpec.swift in Sources */ = {isa = PBXBuildFile; fileRef = CB8767DA094AF7C837A91398 /* RandomPositionMakerSpec.swift */; };
		CB876840C01B6C8AF54D567F /* category.json in Resources */ = {isa = PBXBuildFile; fileRef = CB876AB15408581659E7188A /* category.json */; };
		CB87684226157B7ECA7CBB58 /* ProgrammingLanguage.swift in Sources */ = {isa = PBXBuildFile; fileRef = CB8764C47B7B5A7CD63C3211 /* ProgrammingLanguage.swift */; };
		CB87684BF547CB33CDFB1F35 /* LanguageCatcherTransitionSpec.swift in Sources */ = {isa = PBXBuildFile; fileRef = CB8767667ADB68D0D3498ABA /* LanguageCatcherTransitionSpec.swift */; };
		CB8768792B736729704164A6 /* BasketSpec.swift in Sources */ = {isa = PBXBuildFile; fileRef = CB876C986C936977D37B8AF0 /* BasketSpec.swift */; };
		CB8768C0084C6D1D838D5C44 /* ColorMakerType.swift in Sources */ = {isa = PBXBuildFile; fileRef = CB876B3C6E1766C0824D30ED /* ColorMakerType.swift */; };
		CB876978EB0BE6D3AAAADAAC /* LanguageCatcherPresenterSpec.swift in Sources */ = {isa = PBXBuildFile; fileRef = CB8764900B577BA40855B3B9 /* LanguageCatcherPresenterSpec.swift */; };
		CB8769F889E8ADF95D99C147 /* CaughtLanguageListPresenterType.swift in Sources */ = {isa = PBXBuildFile; fileRef = CB876D3CEABF3824DC099DF1 /* CaughtLanguageListPresenterType.swift */; };
		CB876A17E9C692BE5B7AF544 /* SourceType.swift in Sources */ = {isa = PBXBuildFile; fileRef = CB87651FD2D83B9A706DC447 /* SourceType.swift */; };
		CB876A4EFD58F12E8D0C8651 /* CaughtLanguageListPresenter.swift in Sources */ = {isa = PBXBuildFile; fileRef = CB876211694A08CD77FDB3D3 /* CaughtLanguageListPresenter.swift */; };
		CB876A50C029A70E4D7229CA /* LanguageCatcherAPIDataManagerSpec.swift in Sources */ = {isa = PBXBuildFile; fileRef = CB8762B8410C3BD56E148B62 /* LanguageCatcherAPIDataManagerSpec.swift */; };
		CB876A991F05BB007B5F2B77 /* CaughtLanguageListWireframe.swift in Sources */ = {isa = PBXBuildFile; fileRef = CB87679DC4C5B15410993D34 /* CaughtLanguageListWireframe.swift */; };
		CB876B0289AF03EE2038881B /* LanguageCatcherInteractor.swift in Sources */ = {isa = PBXBuildFile; fileRef = CB8762066CCECCD64B2D5DDC /* LanguageCatcherInteractor.swift */; };
		CB876B30160AF2CC5BFAFAB0 /* LanguageCatcherInteractorType.swift in Sources */ = {isa = PBXBuildFile; fileRef = CB876ACFA2CAC4CC48B0F65F /* LanguageCatcherInteractorType.swift */; };
		CB876CC4EB09BF99687C01C1 /* CaughtLanguageListAssembly.swift in Sources */ = {isa = PBXBuildFile; fileRef = CB8769229FF4D053E45F1A33 /* CaughtLanguageListAssembly.swift */; };
		CB876CEAB1B9E16FDDBF5FC7 /* LanguageCatcherViewControllerSpec.swift in Sources */ = {isa = PBXBuildFile; fileRef = CB87694695CD64DD88D52B0C /* LanguageCatcherViewControllerSpec.swift */; };
		CB876D0926013C22191B73EF /* LanguageInfo.swift in Sources */ = {isa = PBXBuildFile; fileRef = CB8761956AC6BA86047BE1C8 /* LanguageInfo.swift */; };
		CB876D27C9651ECBE0BF50B2 /* TestingLanguageCatcherInteractor.swift in Sources */ = {isa = PBXBuildFile; fileRef = CB876878F38D46C508908C6D /* TestingLanguageCatcherInteractor.swift */; };
		CB876D51F7E7A9054D29ABD9 /* RandomColorMaker.swift in Sources */ = {isa = PBXBuildFile; fileRef = CB8761C66B10CC08F13FDF3C /* RandomColorMaker.swift */; };
		CB876EF93284C27CDDBE2444 /* TestingLanguageCatcherAPIDataManager.swift in Sources */ = {isa = PBXBuildFile; fileRef = CB876E46A27ED877CCB976EC /* TestingLanguageCatcherAPIDataManager.swift */; };
		CB876F0E3027781AB4201C66 /* ReactiveCocoa+Extensions.swift in Sources */ = {isa = PBXBuildFile; fileRef = CB876509285922EC1AC2B342 /* ReactiveCocoa+Extensions.swift */; };
		CB876F10F572F807B2ACD5D4 /* TranslatorType.swift in Sources */ = {isa = PBXBuildFile; fileRef = CB8767B81FF2D57EA017DE7E /* TranslatorType.swift */; };
		CB876F14B31A55CFE6AE7FA6 /* UnconfirmedLanguageView.swift in Sources */ = {isa = PBXBuildFile; fileRef = CB8769A656C96B8E42D4AA91 /* UnconfirmedLanguageView.swift */; };
		CB876F4551C3195FEB8FAE81 /* RandomPositionMaker.swift in Sources */ = {isa = PBXBuildFile; fileRef = CB87639E1189084FDC321BB4 /* RandomPositionMaker.swift */; };
		CB876F5A0BB980A95F165A05 /* TestingLanguageCatcherLocalDataManager.swift in Sources */ = {isa = PBXBuildFile; fileRef = CB876DFBC34DA8F31EB9D16C /* TestingLanguageCatcherLocalDataManager.swift */; };
		CB876F815F6A0952A6CC5546 /* TestingLanguageCatcherPresenter.swift in Sources */ = {isa = PBXBuildFile; fileRef = CB8762D21132EDC0B168B230 /* TestingLanguageCatcherPresenter.swift */; };
		CB876FA509F21A13A1C81284 /* LanguageCatcherAPIDataManager.swift in Sources */ = {isa = PBXBuildFile; fileRef = CB876076EB99CD2A628D3963 /* LanguageCatcherAPIDataManager.swift */; };
		CB876FA57E3F593C6FEEF6F8 /* Basket.swift in Sources */ = {isa = PBXBuildFile; fileRef = CB876971D2E32F4F9052AD92 /* Basket.swift */; };
		CB876FB2DD8CDD1C42A7D1FE /* LanguageCatcherPresenterType.swift in Sources */ = {isa = PBXBuildFile; fileRef = CB8760A0CC6A699DC8C0A577 /* LanguageCatcherPresenterType.swift */; };
		CB876FDB37597607C2E23861 /* LanguageCatcherAPIDataManagerType.swift in Sources */ = {isa = PBXBuildFile; fileRef = CB8766D2DDE5622D8ED70003 /* LanguageCatcherAPIDataManagerType.swift */; };
		DC1B752D471D26F7D7D5AAAA /* Pods_GetLanguagesTests.framework in Frameworks */ = {isa = PBXBuildFile; fileRef = D19F5A429DC9650A17434684 /* Pods_GetLanguagesTests.framework */; };
/* End PBXBuildFile section */

/* Begin PBXContainerItemProxy section */
		6AC48AAF1C8B9419002E2890 /* PBXContainerItemProxy */ = {
			isa = PBXContainerItemProxy;
			containerPortal = 6AC48A921C8B9419002E2890 /* Project object */;
			proxyType = 1;
			remoteGlobalIDString = 6AC48A991C8B9419002E2890;
			remoteInfo = GetLanguages;
		};
		6AC48ABA1C8B9419002E2890 /* PBXContainerItemProxy */ = {
			isa = PBXContainerItemProxy;
			containerPortal = 6AC48A921C8B9419002E2890 /* Project object */;
			proxyType = 1;
			remoteGlobalIDString = 6AC48A991C8B9419002E2890;
			remoteInfo = GetLanguages;
		};
/* End PBXContainerItemProxy section */

/* Begin PBXCopyFilesBuildPhase section */
		6AC48AE51C8BAC77002E2890 /* Copy Frameworks */ = {
			isa = PBXCopyFilesBuildPhase;
			buildActionMask = 2147483647;
			dstPath = "";
			dstSubfolderSpec = 10;
			files = (
				6AC48AE61C8BAC89002E2890 /* Nimble.framework in Copy Frameworks */,
				6AC48AE71C8BAC89002E2890 /* Quick.framework in Copy Frameworks */,
			);
			name = "Copy Frameworks";
			runOnlyForDeploymentPostprocessing = 0;
		};
/* End PBXCopyFilesBuildPhase section */

/* Begin PBXFileReference section */
		1832494ABAAACCD2ADFA5039 /* Pods-GetLanguagesUITests.release.xcconfig */ = {isa = PBXFileReference; includeInIndex = 1; lastKnownFileType = text.xcconfig; name = "Pods-GetLanguagesUITests.release.xcconfig"; path = "Pods/Target Support Files/Pods-GetLanguagesUITests/Pods-GetLanguagesUITests.release.xcconfig"; sourceTree = "<group>"; };
		1DBB9ED33DDC808C88C3B514 /* Pods-GetLanguagesTests.debug.xcconfig */ = {isa = PBXFileReference; includeInIndex = 1; lastKnownFileType = text.xcconfig; name = "Pods-GetLanguagesTests.debug.xcconfig"; path = "Pods/Target Support Files/Pods-GetLanguagesTests/Pods-GetLanguagesTests.debug.xcconfig"; sourceTree = "<group>"; };
		5D42D7F9D5935409AF145BF0 /* Pods-GetLanguagesTests.release.xcconfig */ = {isa = PBXFileReference; includeInIndex = 1; lastKnownFileType = text.xcconfig; name = "Pods-GetLanguagesTests.release.xcconfig"; path = "Pods/Target Support Files/Pods-GetLanguagesTests/Pods-GetLanguagesTests.release.xcconfig"; sourceTree = "<group>"; };
		6A1F3CA61C8DBB3A00B9BA17 /* Rex.framework */ = {isa = PBXFileReference; lastKnownFileType = wrapper.framework; name = Rex.framework; path = Carthage/Build/iOS/Rex.framework; sourceTree = "<group>"; };
		6A1F3CA81C8E43F100B9BA17 /* APIKit.framework */ = {isa = PBXFileReference; lastKnownFileType = wrapper.framework; name = APIKit.framework; path = Carthage/Build/iOS/APIKit.framework; sourceTree = "<group>"; };
		6A1F3CA91C8E43F100B9BA17 /* Himotoki.framework */ = {isa = PBXFileReference; lastKnownFileType = wrapper.framework; name = Himotoki.framework; path = Carthage/Build/iOS/Himotoki.framework; sourceTree = "<group>"; };
		6A1F3CAC1C8E446600B9BA17 /* GetLanguages.paw */ = {isa = PBXFileReference; lastKnownFileType = text.xml; path = GetLanguages.paw; sourceTree = "<group>"; };
		6A1F3CAD1C8E4B4200B9BA17 /* Realm.framework */ = {isa = PBXFileReference; lastKnownFileType = wrapper.framework; name = Realm.framework; path = Carthage/Build/iOS/Realm.framework; sourceTree = "<group>"; };
		6A1F3CAE1C8E4B4200B9BA17 /* RealmSwift.framework */ = {isa = PBXFileReference; lastKnownFileType = wrapper.framework; name = RealmSwift.framework; path = Carthage/Build/iOS/RealmSwift.framework; sourceTree = "<group>"; };
		6AC48A9A1C8B9419002E2890 /* GetLanguages.app */ = {isa = PBXFileReference; explicitFileType = wrapper.application; includeInIndex = 0; path = GetLanguages.app; sourceTree = BUILT_PRODUCTS_DIR; };
		6AC48A9D1C8B9419002E2890 /* AppDelegate.swift */ = {isa = PBXFileReference; lastKnownFileType = sourcecode.swift; path = AppDelegate.swift; sourceTree = "<group>"; };
		6AC48AA21C8B9419002E2890 /* Base */ = {isa = PBXFileReference; lastKnownFileType = file.storyboard; name = Base; path = Base.lproj/Main.storyboard; sourceTree = "<group>"; };
		6AC48AA41C8B9419002E2890 /* Assets.xcassets */ = {isa = PBXFileReference; lastKnownFileType = folder.assetcatalog; path = Assets.xcassets; sourceTree = "<group>"; };
		6AC48AA71C8B9419002E2890 /* Base */ = {isa = PBXFileReference; lastKnownFileType = file.storyboard; name = Base; path = Base.lproj/LaunchScreen.storyboard; sourceTree = "<group>"; };
		6AC48AA91C8B9419002E2890 /* Info.plist */ = {isa = PBXFileReference; lastKnownFileType = text.plist.xml; path = Info.plist; sourceTree = "<group>"; };
		6AC48AAE1C8B9419002E2890 /* GetLanguagesTests.xctest */ = {isa = PBXFileReference; explicitFileType = wrapper.cfbundle; includeInIndex = 0; path = GetLanguagesTests.xctest; sourceTree = BUILT_PRODUCTS_DIR; };
		6AC48AB41C8B9419002E2890 /* Info.plist */ = {isa = PBXFileReference; lastKnownFileType = text.plist.xml; path = Info.plist; sourceTree = "<group>"; };
		6AC48AB91C8B9419002E2890 /* GetLanguagesUITests.xctest */ = {isa = PBXFileReference; explicitFileType = wrapper.cfbundle; includeInIndex = 0; path = GetLanguagesUITests.xctest; sourceTree = BUILT_PRODUCTS_DIR; };
		6AC48ABD1C8B9419002E2890 /* GetLanguagesUITests.swift */ = {isa = PBXFileReference; lastKnownFileType = sourcecode.swift; path = GetLanguagesUITests.swift; sourceTree = "<group>"; };
		6AC48ABF1C8B9419002E2890 /* Info.plist */ = {isa = PBXFileReference; lastKnownFileType = text.plist.xml; path = Info.plist; sourceTree = "<group>"; };
		6AC48ACC1C8B9584002E2890 /* R.generated.swift */ = {isa = PBXFileReference; fileEncoding = 4; lastKnownFileType = sourcecode.swift; path = R.generated.swift; sourceTree = "<group>"; };
		6AC48ACE1C8B96AF002E2890 /* Nimble.framework */ = {isa = PBXFileReference; lastKnownFileType = wrapper.framework; name = Nimble.framework; path = Carthage/Build/iOS/Nimble.framework; sourceTree = "<group>"; };
		6AC48ACF1C8B96AF002E2890 /* Quick.framework */ = {isa = PBXFileReference; lastKnownFileType = wrapper.framework; name = Quick.framework; path = Carthage/Build/iOS/Quick.framework; sourceTree = "<group>"; };
		6AC48AD41C8B96B9002E2890 /* ReactiveCocoa.framework */ = {isa = PBXFileReference; lastKnownFileType = wrapper.framework; name = ReactiveCocoa.framework; path = Carthage/Build/iOS/ReactiveCocoa.framework; sourceTree = "<group>"; };
		6AC48AD51C8B96B9002E2890 /* Result.framework */ = {isa = PBXFileReference; lastKnownFileType = wrapper.framework; name = Result.framework; path = Carthage/Build/iOS/Result.framework; sourceTree = "<group>"; };
		6AC48AD61C8B96B9002E2890 /* Swiftz.framework */ = {isa = PBXFileReference; lastKnownFileType = wrapper.framework; name = Swiftz.framework; path = Carthage/Build/iOS/Swiftz.framework; sourceTree = "<group>"; };
		6AC48AD71C8B96B9002E2890 /* Swinject.framework */ = {isa = PBXFileReference; lastKnownFileType = wrapper.framework; name = Swinject.framework; path = Carthage/Build/iOS/Swinject.framework; sourceTree = "<group>"; };
		6AC48AD81C8B96B9002E2890 /* TransitionOperator.framework */ = {isa = PBXFileReference; lastKnownFileType = wrapper.framework; name = TransitionOperator.framework; path = Carthage/Build/iOS/TransitionOperator.framework; sourceTree = "<group>"; };
		6AC48ADF1C8B9AA4002E2890 /* Playground.playground */ = {isa = PBXFileReference; lastKnownFileType = file.playground; path = Playground.playground; sourceTree = "<group>"; };
		6AC48AE01C8B9EAD002E2890 /* LanguageCatcherViewController.swift */ = {isa = PBXFileReference; fileEncoding = 4; lastKnownFileType = sourcecode.swift; path = LanguageCatcherViewController.swift; sourceTree = "<group>"; };
		6AC48AE81C8CE68C002E2890 /* GetLanguages.pcvd */ = {isa = PBXFileReference; lastKnownFileType = file.bplist; name = GetLanguages.pcvd; path = GetLanguages/GetLanguages.pcvd; sourceTree = "<group>"; };
		6ACE14691C90D38F00DADF3F /* CaughtLanguageList.storyboard */ = {isa = PBXFileReference; fileEncoding = 4; lastKnownFileType = file.storyboard; path = CaughtLanguageList.storyboard; sourceTree = "<group>"; };
		6ACE146B1C90D46700DADF3F /* CaughtLanguageListViewController.swift */ = {isa = PBXFileReference; fileEncoding = 4; lastKnownFileType = sourcecode.swift; path = CaughtLanguageListViewController.swift; sourceTree = "<group>"; };
		6E90752372D30A86EC3A8FC7 /* Pods_GetLanguagesUITests.framework */ = {isa = PBXFileReference; explicitFileType = wrapper.framework; includeInIndex = 0; path = Pods_GetLanguagesUITests.framework; sourceTree = BUILT_PRODUCTS_DIR; };
		7FD708EBACC7FBE44D48B67F /* Pods.release.xcconfig */ = {isa = PBXFileReference; includeInIndex = 1; lastKnownFileType = text.xcconfig; name = Pods.release.xcconfig; path = "Pods/Target Support Files/Pods/Pods.release.xcconfig"; sourceTree = "<group>"; };
		88D91ACE3700DB9B499F6161 /* Pods.debug.xcconfig */ = {isa = PBXFileReference; includeInIndex = 1; lastKnownFileType = text.xcconfig; name = Pods.debug.xcconfig; path = "Pods/Target Support Files/Pods/Pods.debug.xcconfig"; sourceTree = "<group>"; };
		C47D026B2A21C5562E30C051 /* Pods-GetLanguagesUITests.debug.xcconfig */ = {isa = PBXFileReference; includeInIndex = 1; lastKnownFileType = text.xcconfig; name = "Pods-GetLanguagesUITests.debug.xcconfig"; path = "Pods/Target Support Files/Pods-GetLanguagesUITests/Pods-GetLanguagesUITests.debug.xcconfig"; sourceTree = "<group>"; };
		CB876076EB99CD2A628D3963 /* LanguageCatcherAPIDataManager.swift */ = {isa = PBXFileReference; fileEncoding = 4; lastKnownFileType = sourcecode.swift; path = LanguageCatcherAPIDataManager.swift; sourceTree = "<group>"; };
		CB8760A0CC6A699DC8C0A577 /* LanguageCatcherPresenterType.swift */ = {isa = PBXFileReference; fileEncoding = 4; lastKnownFileType = sourcecode.swift; path = LanguageCatcherPresenterType.swift; sourceTree = "<group>"; };
		CB8760EBF62CF38980D1602E /* UnconfirmedLanguageSpec.swift */ = {isa = PBXFileReference; fileEncoding = 4; lastKnownFileType = sourcecode.swift; path = UnconfirmedLanguageSpec.swift; sourceTree = "<group>"; };
		CB8761346FDEE041788E4DF6 /* StaticColorMaker.swift */ = {isa = PBXFileReference; fileEncoding = 4; lastKnownFileType = sourcecode.swift; path = StaticColorMaker.swift; sourceTree = "<group>"; };
		CB8761657A280B37B3142540 /* PositionMakerType.swift */ = {isa = PBXFileReference; fileEncoding = 4; lastKnownFileType = sourcecode.swift; path = PositionMakerType.swift; sourceTree = "<group>"; };
		CB8761956AC6BA86047BE1C8 /* LanguageInfo.swift */ = {isa = PBXFileReference; fileEncoding = 4; lastKnownFileType = sourcecode.swift; path = LanguageInfo.swift; sourceTree = "<group>"; };
		CB8761C66B10CC08F13FDF3C /* RandomColorMaker.swift */ = {isa = PBXFileReference; fileEncoding = 4; lastKnownFileType = sourcecode.swift; path = RandomColorMaker.swift; sourceTree = "<group>"; };
		CB8762066CCECCD64B2D5DDC /* LanguageCatcherInteractor.swift */ = {isa = PBXFileReference; fileEncoding = 4; lastKnownFileType = sourcecode.swift; path = LanguageCatcherInteractor.swift; sourceTree = "<group>"; };
		CB876211694A08CD77FDB3D3 /* CaughtLanguageListPresenter.swift */ = {isa = PBXFileReference; fileEncoding = 4; lastKnownFileType = sourcecode.swift; path = CaughtLanguageListPresenter.swift; sourceTree = "<group>"; };
		CB8762B8410C3BD56E148B62 /* LanguageCatcherAPIDataManagerSpec.swift */ = {isa = PBXFileReference; fileEncoding = 4; lastKnownFileType = sourcecode.swift; path = LanguageCatcherAPIDataManagerSpec.swift; sourceTree = "<group>"; };
		CB8762D21132EDC0B168B230 /* TestingLanguageCatcherPresenter.swift */ = {isa = PBXFileReference; fileEncoding = 4; lastKnownFileType = sourcecode.swift; path = TestingLanguageCatcherPresenter.swift; sourceTree = "<group>"; };
		CB87637EBD1D278B783C7E10 /* category_failed.json */ = {isa = PBXFileReference; fileEncoding = 4; lastKnownFileType = text.json; path = category_failed.json; sourceTree = "<group>"; };
		CB87638C77D51F35CF39AE12 /* LanguageType.swift */ = {isa = PBXFileReference; fileEncoding = 4; lastKnownFileType = sourcecode.swift; path = LanguageType.swift; sourceTree = "<group>"; };
		CB87639E1189084FDC321BB4 /* RandomPositionMaker.swift */ = {isa = PBXFileReference; fileEncoding = 4; lastKnownFileType = sourcecode.swift; path = RandomPositionMaker.swift; sourceTree = "<group>"; };
		CB87646280F1D53BAC01D3FD /* UnconfirmedLanguageViewSpec.swift */ = {isa = PBXFileReference; fileEncoding = 4; lastKnownFileType = sourcecode.swift; path = UnconfirmedLanguageViewSpec.swift; sourceTree = "<group>"; };
		CB8764900B577BA40855B3B9 /* LanguageCatcherPresenterSpec.swift */ = {isa = PBXFileReference; fileEncoding = 4; lastKnownFileType = sourcecode.swift; path = LanguageCatcherPresenterSpec.swift; sourceTree = "<group>"; };
		CB87649FB95332C3464B222A /* UnconfirmedLanguageViewModelSpec.swift */ = {isa = PBXFileReference; fileEncoding = 4; lastKnownFileType = sourcecode.swift; path = UnconfirmedLanguageViewModelSpec.swift; sourceTree = "<group>"; };
		CB8764C47B7B5A7CD63C3211 /* ProgrammingLanguage.swift */ = {isa = PBXFileReference; fileEncoding = 4; lastKnownFileType = sourcecode.swift; path = ProgrammingLanguage.swift; sourceTree = "<group>"; };
		CB876509285922EC1AC2B342 /* ReactiveCocoa+Extensions.swift */ = {isa = PBXFileReference; fileEncoding = 4; lastKnownFileType = sourcecode.swift; path = "ReactiveCocoa+Extensions.swift"; sourceTree = "<group>"; };
		CB87651FD2D83B9A706DC447 /* SourceType.swift */ = {isa = PBXFileReference; fileEncoding = 4; lastKnownFileType = sourcecode.swift; path = SourceType.swift; sourceTree = "<group>"; };
		CB876598C5B9CF6D7B2E3BF6 /* UnconfirmedLanguageViewModelTranslator.swift */ = {isa = PBXFileReference; fileEncoding = 4; lastKnownFileType = sourcecode.swift; path = UnconfirmedLanguageViewModelTranslator.swift; sourceTree = "<group>"; };
		CB8765D70EDEEC00234F1D50 /* Assembler.swift */ = {isa = PBXFileReference; fileEncoding = 4; lastKnownFileType = sourcecode.swift; path = Assembler.swift; sourceTree = "<group>"; };
		CB876601F7BEFFED3C456AF4 /* LanguageCatcherWireframe.swift */ = {isa = PBXFileReference; fileEncoding = 4; lastKnownFileType = sourcecode.swift; path = LanguageCatcherWireframe.swift; sourceTree = "<group>"; };
		CB876605F8D738DB49BFF555 /* LanguageCatcherAssembly.swift */ = {isa = PBXFileReference; fileEncoding = 4; lastKnownFileType = sourcecode.swift; path = LanguageCatcherAssembly.swift; sourceTree = "<group>"; };
		CB876623B408427053D1C648 /* LanguageCatcherDataManagerType.swift */ = {isa = PBXFileReference; fileEncoding = 4; lastKnownFileType = sourcecode.swift; path = LanguageCatcherDataManagerType.swift; sourceTree = "<group>"; };
		CB876624267F0EE1CD42FBE8 /* LanguageCatcherPresenter.swift */ = {isa = PBXFileReference; fileEncoding = 4; lastKnownFileType = sourcecode.swift; path = LanguageCatcherPresenter.swift; sourceTree = "<group>"; };
		CB876642AF5ACA39334E8817 /* LanguageCatcherTransition.swift */ = {isa = PBXFileReference; fileEncoding = 4; lastKnownFileType = sourcecode.swift; path = LanguageCatcherTransition.swift; sourceTree = "<group>"; };
		CB87668D73464EE0581118E7 /* TestingTransitionExecutor.swift */ = {isa = PBXFileReference; fileEncoding = 4; lastKnownFileType = sourcecode.swift; path = TestingTransitionExecutor.swift; sourceTree = "<group>"; };
		CB8766C79A38ACBC67139D0C /* RandomColorMakerSpec.swift */ = {isa = PBXFileReference; fileEncoding = 4; lastKnownFileType = sourcecode.swift; path = RandomColorMakerSpec.swift; sourceTree = "<group>"; };
		CB8766D2DDE5622D8ED70003 /* LanguageCatcherAPIDataManagerType.swift */ = {isa = PBXFileReference; fileEncoding = 4; lastKnownFileType = sourcecode.swift; path = LanguageCatcherAPIDataManagerType.swift; sourceTree = "<group>"; };
		CB8767667ADB68D0D3498ABA /* LanguageCatcherTransitionSpec.swift */ = {isa = PBXFileReference; fileEncoding = 4; lastKnownFileType = sourcecode.swift; path = LanguageCatcherTransitionSpec.swift; sourceTree = "<group>"; };
		CB87679DC4C5B15410993D34 /* CaughtLanguageListWireframe.swift */ = {isa = PBXFileReference; fileEncoding = 4; lastKnownFileType = sourcecode.swift; path = CaughtLanguageListWireframe.swift; sourceTree = "<group>"; };
		CB8767B81FF2D57EA017DE7E /* TranslatorType.swift */ = {isa = PBXFileReference; fileEncoding = 4; lastKnownFileType = sourcecode.swift; path = TranslatorType.swift; sourceTree = "<group>"; };
		CB8767B9EFE47F89F040AFD5 /* LanguageCatcherInteractorSpec.swift */ = {isa = PBXFileReference; fileEncoding = 4; lastKnownFileType = sourcecode.swift; path = LanguageCatcherInteractorSpec.swift; sourceTree = "<group>"; };
		CB8767DA094AF7C837A91398 /* RandomPositionMakerSpec.swift */ = {isa = PBXFileReference; fileEncoding = 4; lastKnownFileType = sourcecode.swift; path = RandomPositionMakerSpec.swift; sourceTree = "<group>"; };
		CB876878F38D46C508908C6D /* TestingLanguageCatcherInteractor.swift */ = {isa = PBXFileReference; fileEncoding = 4; lastKnownFileType = sourcecode.swift; path = TestingLanguageCatcherInteractor.swift; sourceTree = "<group>"; };
		CB8768929774F9EF0086E0C0 /* properties.json */ = {isa = PBXFileReference; fileEncoding = 4; lastKnownFileType = text.json; path = properties.json; sourceTree = "<group>"; };
		CB8768F85C0498A21CCD30E8 /* TestingCaughtLanguageListPresenter.swift */ = {isa = PBXFileReference; fileEncoding = 4; lastKnownFileType = sourcecode.swift; path = TestingCaughtLanguageListPresenter.swift; sourceTree = "<group>"; };
		CB8769229FF4D053E45F1A33 /* CaughtLanguageListAssembly.swift */ = {isa = PBXFileReference; fileEncoding = 4; lastKnownFileType = sourcecode.swift; path = CaughtLanguageListAssembly.swift; sourceTree = "<group>"; };
		CB87694695CD64DD88D52B0C /* LanguageCatcherViewControllerSpec.swift */ = {isa = PBXFileReference; fileEncoding = 4; lastKnownFileType = sourcecode.swift; path = LanguageCatcherViewControllerSpec.swift; sourceTree = "<group>"; };
		CB876971D2E32F4F9052AD92 /* Basket.swift */ = {isa = PBXFileReference; fileEncoding = 4; lastKnownFileType = sourcecode.swift; path = Basket.swift; sourceTree = "<group>"; };
		CB8769A656C96B8E42D4AA91 /* UnconfirmedLanguageView.swift */ = {isa = PBXFileReference; fileEncoding = 4; lastKnownFileType = sourcecode.swift; path = UnconfirmedLanguageView.swift; sourceTree = "<group>"; };
		CB876A7B7922C9B542255BCB /* UnconfirmedLanguageViewModelTranslatorSpec.swift */ = {isa = PBXFileReference; fileEncoding = 4; lastKnownFileType = sourcecode.swift; path = UnconfirmedLanguageViewModelTranslatorSpec.swift; sourceTree = "<group>"; };
		CB876AB15408581659E7188A /* category.json */ = {isa = PBXFileReference; fileEncoding = 4; lastKnownFileType = text.json; path = category.json; sourceTree = "<group>"; };
		CB876ACFA2CAC4CC48B0F65F /* LanguageCatcherInteractorType.swift */ = {isa = PBXFileReference; fileEncoding = 4; lastKnownFileType = sourcecode.swift; path = LanguageCatcherInteractorType.swift; sourceTree = "<group>"; };
		CB876B15038C561FBDF6111C /* WikipediaCategoryRequest.swift */ = {isa = PBXFileReference; fileEncoding = 4; lastKnownFileType = sourcecode.swift; path = WikipediaCategoryRequest.swift; sourceTree = "<group>"; };
		CB876B3C6E1766C0824D30ED /* ColorMakerType.swift */ = {isa = PBXFileReference; fileEncoding = 4; lastKnownFileType = sourcecode.swift; path = ColorMakerType.swift; sourceTree = "<group>"; };
		CB876BB545493AF489D1E126 /* StaticPositionMaker.swift */ = {isa = PBXFileReference; fileEncoding = 4; lastKnownFileType = sourcecode.swift; path = StaticPositionMaker.swift; sourceTree = "<group>"; };
		CB876C15D5AC33AD5B31FA02 /* Translator.swift */ = {isa = PBXFileReference; fileEncoding = 4; lastKnownFileType = sourcecode.swift; path = Translator.swift; sourceTree = "<group>"; };
		CB876C986C936977D37B8AF0 /* BasketSpec.swift */ = {isa = PBXFileReference; fileEncoding = 4; lastKnownFileType = sourcecode.swift; path = BasketSpec.swift; sourceTree = "<group>"; };
		CB876D3CEABF3824DC099DF1 /* CaughtLanguageListPresenterType.swift */ = {isa = PBXFileReference; fileEncoding = 4; lastKnownFileType = sourcecode.swift; path = CaughtLanguageListPresenterType.swift; sourceTree = "<group>"; };
		CB876DD891B03CFF57EADEE8 /* LanguageInfoTranslator.swift */ = {isa = PBXFileReference; fileEncoding = 4; lastKnownFileType = sourcecode.swift; path = LanguageInfoTranslator.swift; sourceTree = "<group>"; };
		CB876DFBC34DA8F31EB9D16C /* TestingLanguageCatcherLocalDataManager.swift */ = {isa = PBXFileReference; fileEncoding = 4; lastKnownFileType = sourcecode.swift; path = TestingLanguageCatcherLocalDataManager.swift; sourceTree = "<group>"; };
		CB876E46A27ED877CCB976EC /* TestingLanguageCatcherAPIDataManager.swift */ = {isa = PBXFileReference; fileEncoding = 4; lastKnownFileType = sourcecode.swift; path = TestingLanguageCatcherAPIDataManager.swift; sourceTree = "<group>"; };
		CB876E960D62167209BD76AE /* FieldView.swift */ = {isa = PBXFileReference; fileEncoding = 4; lastKnownFileType = sourcecode.swift; path = FieldView.swift; sourceTree = "<group>"; };
		CB876E9A9625EF9D4288880E /* LanguageCatcherDataManager.swift */ = {isa = PBXFileReference; fileEncoding = 4; lastKnownFileType = sourcecode.swift; path = LanguageCatcherDataManager.swift; sourceTree = "<group>"; };
		CB876EA1B1A91B8A9064B6B2 /* LanguageInfoTranslatorSpec.swift */ = {isa = PBXFileReference; fileEncoding = 4; lastKnownFileType = sourcecode.swift; path = LanguageInfoTranslatorSpec.swift; sourceTree = "<group>"; };
		CB876F347C66AF50277C1930 /* LanguageCatcherLocalDataManagerSpec.swift */ = {isa = PBXFileReference; fileEncoding = 4; lastKnownFileType = sourcecode.swift; path = LanguageCatcherLocalDataManagerSpec.swift; sourceTree = "<group>"; };
		CB876F6D50C9B69D7E570A53 /* UnconfirmedLanguageViewModelType.swift */ = {isa = PBXFileReference; fileEncoding = 4; lastKnownFileType = sourcecode.swift; path = UnconfirmedLanguageViewModelType.swift; sourceTree = "<group>"; };
		CB876FA6A25ABCC8B7031979 /* UnconfirmedLanguageViewModel.swift */ = {isa = PBXFileReference; fileEncoding = 4; lastKnownFileType = sourcecode.swift; path = UnconfirmedLanguageViewModel.swift; sourceTree = "<group>"; };
		CB876FB05C8188F238E2E434 /* WikipediaRequestType.swift */ = {isa = PBXFileReference; fileEncoding = 4; lastKnownFileType = sourcecode.swift; path = WikipediaRequestType.swift; sourceTree = "<group>"; };
		D19F5A429DC9650A17434684 /* Pods_GetLanguagesTests.framework */ = {isa = PBXFileReference; explicitFileType = wrapper.framework; includeInIndex = 0; path = Pods_GetLanguagesTests.framework; sourceTree = BUILT_PRODUCTS_DIR; };
		FA38DAC5133A10222B6C1379 /* Pods.framework */ = {isa = PBXFileReference; explicitFileType = wrapper.framework; includeInIndex = 0; path = Pods.framework; sourceTree = BUILT_PRODUCTS_DIR; };
/* End PBXFileReference section */

/* Begin PBXFrameworksBuildPhase section */
		6AC48A971C8B9419002E2890 /* Frameworks */ = {
			isa = PBXFrameworksBuildPhase;
			buildActionMask = 2147483647;
			files = (
				6AC48ADA1C8B96B9002E2890 /* Result.framework in Frameworks */,
				70E3DFDB1A68E155CB5AC1C1 /* Pods.framework in Frameworks */,
				6AC48AD91C8B96B9002E2890 /* ReactiveCocoa.framework in Frameworks */,
				6A1F3CA71C8DBB3A00B9BA17 /* Rex.framework in Frameworks */,
				6A1F3CAF1C8E4B4200B9BA17 /* Realm.framework in Frameworks */,
				6AC48ADD1C8B96B9002E2890 /* TransitionOperator.framework in Frameworks */,
				6A1F3CB01C8E4B4200B9BA17 /* RealmSwift.framework in Frameworks */,
				6AC48ADC1C8B96B9002E2890 /* Swinject.framework in Frameworks */,
				6A1F3CAA1C8E43F100B9BA17 /* APIKit.framework in Frameworks */,
				6AC48ADB1C8B96B9002E2890 /* Swiftz.framework in Frameworks */,
				6A1F3CAB1C8E43F100B9BA17 /* Himotoki.framework in Frameworks */,
			);
			runOnlyForDeploymentPostprocessing = 0;
		};
		6AC48AAB1C8B9419002E2890 /* Frameworks */ = {
			isa = PBXFrameworksBuildPhase;
			buildActionMask = 2147483647;
			files = (
				6ACE14671C8F963A00DADF3F /* Realm.framework in Frameworks */,
				6AC48AD21C8B96AF002E2890 /* Quick.framework in Frameworks */,
				6ACE14681C8F963A00DADF3F /* RealmSwift.framework in Frameworks */,
				6AC48AE31C8BAC43002E2890 /* ReactiveCocoa.framework in Frameworks */,
				6AC48AD01C8B96AF002E2890 /* Nimble.framework in Frameworks */,
				6AC48AE41C8BAC48002E2890 /* Result.framework in Frameworks */,
				DC1B752D471D26F7D7D5AAAA /* Pods_GetLanguagesTests.framework in Frameworks */,
			);
			runOnlyForDeploymentPostprocessing = 0;
		};
		6AC48AB61C8B9419002E2890 /* Frameworks */ = {
			isa = PBXFrameworksBuildPhase;
			buildActionMask = 2147483647;
			files = (
				6AC48AD31C8B96AF002E2890 /* Quick.framework in Frameworks */,
				6AC48AD11C8B96AF002E2890 /* Nimble.framework in Frameworks */,
				693BC09B3677B6498CD11C8E /* Pods_GetLanguagesUITests.framework in Frameworks */,
			);
			runOnlyForDeploymentPostprocessing = 0;
		};
/* End PBXFrameworksBuildPhase section */

/* Begin PBXGroup section */
		3DADA1732B535E300625EB97 /* Frameworks */ = {
			isa = PBXGroup;
			children = (
				6A1F3CAD1C8E4B4200B9BA17 /* Realm.framework */,
				6A1F3CAE1C8E4B4200B9BA17 /* RealmSwift.framework */,
				6A1F3CA81C8E43F100B9BA17 /* APIKit.framework */,
				6A1F3CA91C8E43F100B9BA17 /* Himotoki.framework */,
				6A1F3CA61C8DBB3A00B9BA17 /* Rex.framework */,
				6AC48AD41C8B96B9002E2890 /* ReactiveCocoa.framework */,
				6AC48AD51C8B96B9002E2890 /* Result.framework */,
				6AC48AD61C8B96B9002E2890 /* Swiftz.framework */,
				6AC48AD71C8B96B9002E2890 /* Swinject.framework */,
				6AC48AD81C8B96B9002E2890 /* TransitionOperator.framework */,
				6AC48ACE1C8B96AF002E2890 /* Nimble.framework */,
				6AC48ACF1C8B96AF002E2890 /* Quick.framework */,
				FA38DAC5133A10222B6C1379 /* Pods.framework */,
				D19F5A429DC9650A17434684 /* Pods_GetLanguagesTests.framework */,
				6E90752372D30A86EC3A8FC7 /* Pods_GetLanguagesUITests.framework */,
			);
			name = Frameworks;
			sourceTree = "<group>";
		};
		6AC48A911C8B9419002E2890 = {
			isa = PBXGroup;
			children = (
				6AC48ADF1C8B9AA4002E2890 /* Playground.playground */,
				6AC48AE81C8CE68C002E2890 /* GetLanguages.pcvd */,
				6A1F3CAC1C8E446600B9BA17 /* GetLanguages.paw */,
				6AC48A9C1C8B9419002E2890 /* GetLanguages */,
				6AC48AB11C8B9419002E2890 /* GetLanguagesTests */,
				6AC48ABC1C8B9419002E2890 /* GetLanguagesUITests */,
				6AC48A9B1C8B9419002E2890 /* Products */,
				F8AA202B90AC53AA0E29A787 /* Pods */,
				3DADA1732B535E300625EB97 /* Frameworks */,
			);
			sourceTree = "<group>";
		};
		6AC48A9B1C8B9419002E2890 /* Products */ = {
			isa = PBXGroup;
			children = (
				6AC48A9A1C8B9419002E2890 /* GetLanguages.app */,
				6AC48AAE1C8B9419002E2890 /* GetLanguagesTests.xctest */,
				6AC48AB91C8B9419002E2890 /* GetLanguagesUITests.xctest */,
			);
			name = Products;
			sourceTree = "<group>";
		};
		6AC48A9C1C8B9419002E2890 /* GetLanguages */ = {
			isa = PBXGroup;
			children = (
				6AC48ACC1C8B9584002E2890 /* R.generated.swift */,
				6AC48A9D1C8B9419002E2890 /* AppDelegate.swift */,
				6AC48AA11C8B9419002E2890 /* Main.storyboard */,
				6ACE14691C90D38F00DADF3F /* CaughtLanguageList.storyboard */,
				6AC48AA41C8B9419002E2890 /* Assets.xcassets */,
				6AC48AA61C8B9419002E2890 /* LaunchScreen.storyboard */,
				6AC48AA91C8B9419002E2890 /* Info.plist */,
				CB8760AD41C2D665E079BAF7 /* Modules */,
				CB87629726E5C5B7BABD2AF9 /* Assemblies */,
				CB876A20A2A650ED77211AAD /* Extensions */,
				CB8768929774F9EF0086E0C0 /* properties.json */,
			);
			path = GetLanguages;
			sourceTree = "<group>";
		};
		6AC48AB11C8B9419002E2890 /* GetLanguagesTests */ = {
			isa = PBXGroup;
			children = (
				6AC48AB41C8B9419002E2890 /* Info.plist */,
				CB87601E690A47BFC3452881 /* Modules */,
			);
			path = GetLanguagesTests;
			sourceTree = "<group>";
		};
		6AC48ABC1C8B9419002E2890 /* GetLanguagesUITests */ = {
			isa = PBXGroup;
			children = (
				6AC48ABD1C8B9419002E2890 /* GetLanguagesUITests.swift */,
				6AC48ABF1C8B9419002E2890 /* Info.plist */,
			);
			path = GetLanguagesUITests;
			sourceTree = "<group>";
		};
		CB87601E690A47BFC3452881 /* Modules */ = {
			isa = PBXGroup;
			children = (
				CB8766B058E6022982807B76 /* LanguageCatcher */,
				CB8761713029E6DAE219158A /* Commons */,
				CB87629303969A285CB7073A /* CaughtLanguageList */,
			);
			path = Modules;
			sourceTree = "<group>";
		};
		CB87608D3709F7BA1DD9F660 /* View */ = {
			isa = PBXGroup;
			children = (
				6AC48AE01C8B9EAD002E2890 /* LanguageCatcherViewController.swift */,
				CB876E960D62167209BD76AE /* FieldView.swift */,
				CB8769A656C96B8E42D4AA91 /* UnconfirmedLanguageView.swift */,
			);
			path = View;
			sourceTree = "<group>";
		};
		CB876090D9725E5AFE96F7DA /* DataManager */ = {
			isa = PBXGroup;
			children = (
				CB876623B408427053D1C648 /* LanguageCatcherDataManagerType.swift */,
				CB876E9A9625EF9D4288880E /* LanguageCatcherDataManager.swift */,
				CB876076EB99CD2A628D3963 /* LanguageCatcherAPIDataManager.swift */,
				CB8766D2DDE5622D8ED70003 /* LanguageCatcherAPIDataManagerType.swift */,
			);
			path = DataManager;
			sourceTree = "<group>";
		};
		CB8760AD41C2D665E079BAF7 /* Modules */ = {
			isa = PBXGroup;
			children = (
				CB876F131C38D21AFDC21699 /* LanguageCatcher */,
				CB876AA8B24AE24D51DA3BF2 /* Commons */,
				CB8766B6E1C24EED5992BC43 /* CaughtLanguageList */,
			);
			path = Modules;
			sourceTree = "<group>";
		};
		CB8761713029E6DAE219158A /* Commons */ = {
			isa = PBXGroup;
			children = (
				CB8763C5E79AC1C2106748A9 /* Wireframe */,
				CB876B5D3476A835FF87FADB /* Presenter */,
			);
			path = Commons;
			sourceTree = "<group>";
		};
		CB876244DE1FF51C76E97483 /* Interactor */ = {
			isa = PBXGroup;
			children = (
				CB876ACFA2CAC4CC48B0F65F /* LanguageCatcherInteractorType.swift */,
				CB8762066CCECCD64B2D5DDC /* LanguageCatcherInteractor.swift */,
				CB8761956AC6BA86047BE1C8 /* LanguageInfo.swift */,
				CB876DD891B03CFF57EADEE8 /* LanguageInfoTranslator.swift */,
			);
			path = Interactor;
			sourceTree = "<group>";
		};
		CB87629303969A285CB7073A /* CaughtLanguageList */ = {
			isa = PBXGroup;
			children = (
				CB8768F85C0498A21CCD30E8 /* TestingCaughtLanguageListPresenter.swift */,
			);
			path = CaughtLanguageList;
			sourceTree = "<group>";
		};
		CB87629726E5C5B7BABD2AF9 /* Assemblies */ = {
			isa = PBXGroup;
			children = (
				CB876605F8D738DB49BFF555 /* LanguageCatcherAssembly.swift */,
				CB8765D70EDEEC00234F1D50 /* Assembler.swift */,
				CB8769229FF4D053E45F1A33 /* CaughtLanguageListAssembly.swift */,
			);
			path = Assemblies;
			sourceTree = "<group>";
		};
		CB8762DBC6C847C034E8CC9F /* Wireframe */ = {
			isa = PBXGroup;
			children = (
				CB87679DC4C5B15410993D34 /* CaughtLanguageListWireframe.swift */,
			);
			path = Wireframe;
			sourceTree = "<group>";
		};
		CB8763C5E79AC1C2106748A9 /* Wireframe */ = {
			isa = PBXGroup;
			children = (
				CB87668D73464EE0581118E7 /* TestingTransitionExecutor.swift */,
			);
			path = Wireframe;
			sourceTree = "<group>";
		};
		CB876666793F9B13D270DCC2 /* Model */ = {
			isa = PBXGroup;
			children = (
				CB8764C47B7B5A7CD63C3211 /* ProgrammingLanguage.swift */,
				CB876FB05C8188F238E2E434 /* WikipediaRequestType.swift */,
				CB876B15038C561FBDF6111C /* WikipediaCategoryRequest.swift */,
				CB87638C77D51F35CF39AE12 /* LanguageType.swift */,
			);
			path = Model;
			sourceTree = "<group>";
		};
		CB8766B058E6022982807B76 /* LanguageCatcher */ = {
			isa = PBXGroup;
			children = (
				CB87689AF98DDF9E262A211D /* Presenter */,
				CB876F2FE71C86E4E788E17E /* View */,
				CB8768780932613C1F15EE43 /* Interactor */,
				CB876BA3EAD1BA300DA0A7E9 /* DataManager */,
				CB876B928C350759ED716A3D /* Wireframe */,
			);
			path = LanguageCatcher;
			sourceTree = "<group>";
		};
		CB8766B6E1C24EED5992BC43 /* CaughtLanguageList */ = {
			isa = PBXGroup;
			children = (
				CB8762DBC6C847C034E8CC9F /* Wireframe */,
				CB876E99E7EB28FE3F35A458 /* View */,
				CB876B761FB1DB7351096A8C /* Presenter */,
			);
			path = CaughtLanguageList;
			sourceTree = "<group>";
		};
		CB8766C8C68D8DA5F397CF62 /* Presenter */ = {
			isa = PBXGroup;
			children = (
				CB876971D2E32F4F9052AD92 /* Basket.swift */,
				CB87651FD2D83B9A706DC447 /* SourceType.swift */,
			);
			path = Presenter;
			sourceTree = "<group>";
		};
		CB8767C08921D29346772146 /* Wireframe */ = {
			isa = PBXGroup;
			children = (
				CB876601F7BEFFED3C456AF4 /* LanguageCatcherWireframe.swift */,
				CB876642AF5ACA39334E8817 /* LanguageCatcherTransition.swift */,
			);
			path = Wireframe;
			sourceTree = "<group>";
		};
		CB8768780932613C1F15EE43 /* Interactor */ = {
			isa = PBXGroup;
			children = (
				CB8767B9EFE47F89F040AFD5 /* LanguageCatcherInteractorSpec.swift */,
				CB876878F38D46C508908C6D /* TestingLanguageCatcherInteractor.swift */,
				CB8760EBF62CF38980D1602E /* UnconfirmedLanguageSpec.swift */,
				CB876EA1B1A91B8A9064B6B2 /* LanguageInfoTranslatorSpec.swift */,
			);
			path = Interactor;
			sourceTree = "<group>";
		};
		CB87689AF98DDF9E262A211D /* Presenter */ = {
			isa = PBXGroup;
			children = (
				CB8764900B577BA40855B3B9 /* LanguageCatcherPresenterSpec.swift */,
				CB87649FB95332C3464B222A /* UnconfirmedLanguageViewModelSpec.swift */,
				CB8761346FDEE041788E4DF6 /* StaticColorMaker.swift */,
				CB876BB545493AF489D1E126 /* StaticPositionMaker.swift */,
				CB8766C79A38ACBC67139D0C /* RandomColorMakerSpec.swift */,
				CB8767DA094AF7C837A91398 /* RandomPositionMakerSpec.swift */,
				CB876A7B7922C9B542255BCB /* UnconfirmedLanguageViewModelTranslatorSpec.swift */,
				CB8762D21132EDC0B168B230 /* TestingLanguageCatcherPresenter.swift */,
			);
			path = Presenter;
			sourceTree = "<group>";
		};
		CB876A20A2A650ED77211AAD /* Extensions */ = {
			isa = PBXGroup;
			children = (
				CB876509285922EC1AC2B342 /* ReactiveCocoa+Extensions.swift */,
			);
			path = Extensions;
			sourceTree = "<group>";
		};
		CB876AA8B24AE24D51DA3BF2 /* Commons */ = {
			isa = PBXGroup;
			children = (
				CB876666793F9B13D270DCC2 /* Model */,
				CB8767B81FF2D57EA017DE7E /* TranslatorType.swift */,
				CB876C15D5AC33AD5B31FA02 /* Translator.swift */,
				CB8766C8C68D8DA5F397CF62 /* Presenter */,
			);
			path = Commons;
			sourceTree = "<group>";
		};
		CB876B5D3476A835FF87FADB /* Presenter */ = {
			isa = PBXGroup;
			children = (
				CB876C986C936977D37B8AF0 /* BasketSpec.swift */,
			);
			path = Presenter;
			sourceTree = "<group>";
		};
		CB876B761FB1DB7351096A8C /* Presenter */ = {
			isa = PBXGroup;
			children = (
				CB876D3CEABF3824DC099DF1 /* CaughtLanguageListPresenterType.swift */,
				CB876211694A08CD77FDB3D3 /* CaughtLanguageListPresenter.swift */,
			);
			path = Presenter;
			sourceTree = "<group>";
		};
		CB876B928C350759ED716A3D /* Wireframe */ = {
			isa = PBXGroup;
			children = (
				CB8767667ADB68D0D3498ABA /* LanguageCatcherTransitionSpec.swift */,
			);
			path = Wireframe;
			sourceTree = "<group>";
		};
		CB876BA3EAD1BA300DA0A7E9 /* DataManager */ = {
			isa = PBXGroup;
			children = (
				CB876F347C66AF50277C1930 /* LanguageCatcherLocalDataManagerSpec.swift */,
				CB876AB15408581659E7188A /* category.json */,
				CB876DFBC34DA8F31EB9D16C /* TestingLanguageCatcherLocalDataManager.swift */,
				CB87637EBD1D278B783C7E10 /* category_failed.json */,
				CB876E46A27ED877CCB976EC /* TestingLanguageCatcherAPIDataManager.swift */,
				CB8762B8410C3BD56E148B62 /* LanguageCatcherAPIDataManagerSpec.swift */,
			);
			path = DataManager;
			sourceTree = "<group>";
		};
		CB876E99E7EB28FE3F35A458 /* View */ = {
			isa = PBXGroup;
			children = (
				6ACE146B1C90D46700DADF3F /* CaughtLanguageListViewController.swift */,
			);
			path = View;
			sourceTree = "<group>";
		};
		CB876F131C38D21AFDC21699 /* LanguageCatcher */ = {
			isa = PBXGroup;
			children = (
				CB87608D3709F7BA1DD9F660 /* View */,
				CB876F95B7F3A9CE894B6874 /* Presenter */,
				CB876244DE1FF51C76E97483 /* Interactor */,
				CB876090D9725E5AFE96F7DA /* DataManager */,
				CB8767C08921D29346772146 /* Wireframe */,
			);
			path = LanguageCatcher;
			sourceTree = "<group>";
		};
		CB876F2FE71C86E4E788E17E /* View */ = {
			isa = PBXGroup;
			children = (
				CB87646280F1D53BAC01D3FD /* UnconfirmedLanguageViewSpec.swift */,
				CB87694695CD64DD88D52B0C /* LanguageCatcherViewControllerSpec.swift */,
			);
			path = View;
			sourceTree = "<group>";
		};
		CB876F95B7F3A9CE894B6874 /* Presenter */ = {
			isa = PBXGroup;
			children = (
				CB8760A0CC6A699DC8C0A577 /* LanguageCatcherPresenterType.swift */,
				CB876624267F0EE1CD42FBE8 /* LanguageCatcherPresenter.swift */,
				CB876FA6A25ABCC8B7031979 /* UnconfirmedLanguageViewModel.swift */,
				CB876F6D50C9B69D7E570A53 /* UnconfirmedLanguageViewModelType.swift */,
				CB8761657A280B37B3142540 /* PositionMakerType.swift */,
				CB87639E1189084FDC321BB4 /* RandomPositionMaker.swift */,
				CB876B3C6E1766C0824D30ED /* ColorMakerType.swift */,
				CB8761C66B10CC08F13FDF3C /* RandomColorMaker.swift */,
				CB876598C5B9CF6D7B2E3BF6 /* UnconfirmedLanguageViewModelTranslator.swift */,
			);
			path = Presenter;
			sourceTree = "<group>";
		};
		F8AA202B90AC53AA0E29A787 /* Pods */ = {
			isa = PBXGroup;
			children = (
				88D91ACE3700DB9B499F6161 /* Pods.debug.xcconfig */,
				7FD708EBACC7FBE44D48B67F /* Pods.release.xcconfig */,
				1DBB9ED33DDC808C88C3B514 /* Pods-GetLanguagesTests.debug.xcconfig */,
				5D42D7F9D5935409AF145BF0 /* Pods-GetLanguagesTests.release.xcconfig */,
				C47D026B2A21C5562E30C051 /* Pods-GetLanguagesUITests.debug.xcconfig */,
				1832494ABAAACCD2ADFA5039 /* Pods-GetLanguagesUITests.release.xcconfig */,
			);
			name = Pods;
			sourceTree = "<group>";
		};
/* End PBXGroup section */

/* Begin PBXNativeTarget section */
		6AC48A991C8B9419002E2890 /* GetLanguages */ = {
			isa = PBXNativeTarget;
			buildConfigurationList = 6AC48AC21C8B9419002E2890 /* Build configuration list for PBXNativeTarget "GetLanguages" */;
			buildPhases = (
				7B301CA9E7D79780B77CD2C8 /* Check Pods Manifest.lock */,
				6AC48ACB1C8B953B002E2890 /* R.swift */,
				6AC48A961C8B9419002E2890 /* Sources */,
				6AC48A971C8B9419002E2890 /* Frameworks */,
				6AC48A981C8B9419002E2890 /* Resources */,
				5E1BBF90ABC025DB03057CA7 /* Embed Pods Frameworks */,
				25508039FD1DE7C6E4E65D63 /* Copy Pods Resources */,
				6AC48ADE1C8B96C1002E2890 /* Carthage */,
			);
			buildRules = (
			);
			dependencies = (
			);
			name = GetLanguages;
			productName = GetLanguages;
			productReference = 6AC48A9A1C8B9419002E2890 /* GetLanguages.app */;
			productType = "com.apple.product-type.application";
		};
		6AC48AAD1C8B9419002E2890 /* GetLanguagesTests */ = {
			isa = PBXNativeTarget;
			buildConfigurationList = 6AC48AC51C8B9419002E2890 /* Build configuration list for PBXNativeTarget "GetLanguagesTests" */;
			buildPhases = (
				F4FB80EF51D925A8EC422030 /* Check Pods Manifest.lock */,
				6AC48AAA1C8B9419002E2890 /* Sources */,
				6AC48AAB1C8B9419002E2890 /* Frameworks */,
				6AC48AAC1C8B9419002E2890 /* Resources */,
				6AC48AE51C8BAC77002E2890 /* Copy Frameworks */,
				DEA7E488D4A1951187F56A8C /* Embed Pods Frameworks */,
				1EEFB803F9AD602FB129751F /* Copy Pods Resources */,
			);
			buildRules = (
			);
			dependencies = (
				6AC48AB01C8B9419002E2890 /* PBXTargetDependency */,
			);
			name = GetLanguagesTests;
			productName = GetLanguagesTests;
			productReference = 6AC48AAE1C8B9419002E2890 /* GetLanguagesTests.xctest */;
			productType = "com.apple.product-type.bundle.unit-test";
		};
		6AC48AB81C8B9419002E2890 /* GetLanguagesUITests */ = {
			isa = PBXNativeTarget;
			buildConfigurationList = 6AC48AC81C8B9419002E2890 /* Build configuration list for PBXNativeTarget "GetLanguagesUITests" */;
			buildPhases = (
				E3A4F53D39DD13C2D4544532 /* Check Pods Manifest.lock */,
				6AC48AB51C8B9419002E2890 /* Sources */,
				6AC48AB61C8B9419002E2890 /* Frameworks */,
				6AC48AB71C8B9419002E2890 /* Resources */,
				2AF5630C3DB0B974E4BBEDE1 /* Copy Pods Resources */,
			);
			buildRules = (
			);
			dependencies = (
				6AC48ABB1C8B9419002E2890 /* PBXTargetDependency */,
			);
			name = GetLanguagesUITests;
			productName = GetLanguagesUITests;
			productReference = 6AC48AB91C8B9419002E2890 /* GetLanguagesUITests.xctest */;
			productType = "com.apple.product-type.bundle.ui-testing";
		};
/* End PBXNativeTarget section */

/* Begin PBXProject section */
		6AC48A921C8B9419002E2890 /* Project object */ = {
			isa = PBXProject;
			attributes = {
				LastSwiftUpdateCheck = 0720;
				LastUpgradeCheck = 0720;
				ORGANIZATIONNAME = CAPH;
				TargetAttributes = {
					6AC48A991C8B9419002E2890 = {
						CreatedOnToolsVersion = 7.2.1;
					};
					6AC48AAD1C8B9419002E2890 = {
						CreatedOnToolsVersion = 7.2.1;
						TestTargetID = 6AC48A991C8B9419002E2890;
					};
					6AC48AB81C8B9419002E2890 = {
						CreatedOnToolsVersion = 7.2.1;
						TestTargetID = 6AC48A991C8B9419002E2890;
					};
				};
			};
			buildConfigurationList = 6AC48A951C8B9419002E2890 /* Build configuration list for PBXProject "GetLanguages" */;
			compatibilityVersion = "Xcode 3.2";
			developmentRegion = English;
			hasScannedForEncodings = 0;
			knownRegions = (
				en,
				Base,
			);
			mainGroup = 6AC48A911C8B9419002E2890;
			productRefGroup = 6AC48A9B1C8B9419002E2890 /* Products */;
			projectDirPath = "";
			projectRoot = "";
			targets = (
				6AC48A991C8B9419002E2890 /* GetLanguages */,
				6AC48AAD1C8B9419002E2890 /* GetLanguagesTests */,
				6AC48AB81C8B9419002E2890 /* GetLanguagesUITests */,
			);
		};
/* End PBXProject section */

/* Begin PBXResourcesBuildPhase section */
		6AC48A981C8B9419002E2890 /* Resources */ = {
			isa = PBXResourcesBuildPhase;
			buildActionMask = 2147483647;
			files = (
				6AC48AA81C8B9419002E2890 /* LaunchScreen.storyboard in Resources */,
				6ACE146A1C90D38F00DADF3F /* CaughtLanguageList.storyboard in Resources */,
				6AC48AA51C8B9419002E2890 /* Assets.xcassets in Resources */,
				6AC48AA31C8B9419002E2890 /* Main.storyboard in Resources */,
				CB8760DB0A487F8EA8CC4BB8 /* properties.json in Resources */,
			);
			runOnlyForDeploymentPostprocessing = 0;
		};
		6AC48AAC1C8B9419002E2890 /* Resources */ = {
			isa = PBXResourcesBuildPhase;
			buildActionMask = 2147483647;
			files = (
				CB876840C01B6C8AF54D567F /* category.json in Resources */,
				CB876819C0BC3F4E0F4A823E /* category_failed.json in Resources */,
			);
			runOnlyForDeploymentPostprocessing = 0;
		};
		6AC48AB71C8B9419002E2890 /* Resources */ = {
			isa = PBXResourcesBuildPhase;
			buildActionMask = 2147483647;
			files = (
			);
			runOnlyForDeploymentPostprocessing = 0;
		};
/* End PBXResourcesBuildPhase section */

/* Begin PBXShellScriptBuildPhase section */
		1EEFB803F9AD602FB129751F /* Copy Pods Resources */ = {
			isa = PBXShellScriptBuildPhase;
			buildActionMask = 2147483647;
			files = (
			);
			inputPaths = (
			);
			name = "Copy Pods Resources";
			outputPaths = (
			);
			runOnlyForDeploymentPostprocessing = 0;
			shellPath = /bin/sh;
			shellScript = "\"${SRCROOT}/Pods/Target Support Files/Pods-GetLanguagesTests/Pods-GetLanguagesTests-resources.sh\"\n";
			showEnvVarsInLog = 0;
		};
		25508039FD1DE7C6E4E65D63 /* Copy Pods Resources */ = {
			isa = PBXShellScriptBuildPhase;
			buildActionMask = 2147483647;
			files = (
			);
			inputPaths = (
			);
			name = "Copy Pods Resources";
			outputPaths = (
			);
			runOnlyForDeploymentPostprocessing = 0;
			shellPath = /bin/sh;
			shellScript = "\"${SRCROOT}/Pods/Target Support Files/Pods/Pods-resources.sh\"\n";
			showEnvVarsInLog = 0;
		};
		2AF5630C3DB0B974E4BBEDE1 /* Copy Pods Resources */ = {
			isa = PBXShellScriptBuildPhase;
			buildActionMask = 2147483647;
			files = (
			);
			inputPaths = (
			);
			name = "Copy Pods Resources";
			outputPaths = (
			);
			runOnlyForDeploymentPostprocessing = 0;
			shellPath = /bin/sh;
			shellScript = "\"${SRCROOT}/Pods/Target Support Files/Pods-GetLanguagesUITests/Pods-GetLanguagesUITests-resources.sh\"\n";
			showEnvVarsInLog = 0;
		};
		5E1BBF90ABC025DB03057CA7 /* Embed Pods Frameworks */ = {
			isa = PBXShellScriptBuildPhase;
			buildActionMask = 2147483647;
			files = (
			);
			inputPaths = (
			);
			name = "Embed Pods Frameworks";
			outputPaths = (
			);
			runOnlyForDeploymentPostprocessing = 0;
			shellPath = /bin/sh;
			shellScript = "\"${SRCROOT}/Pods/Target Support Files/Pods/Pods-frameworks.sh\"\n";
			showEnvVarsInLog = 0;
		};
		6AC48ACB1C8B953B002E2890 /* R.swift */ = {
			isa = PBXShellScriptBuildPhase;
			buildActionMask = 2147483647;
			files = (
			);
			inputPaths = (
			);
			name = R.swift;
			outputPaths = (
			);
			runOnlyForDeploymentPostprocessing = 0;
			shellPath = /bin/sh;
			shellScript = "\"$PODS_ROOT/R.swift/rswift\" \"$SRCROOT/GetLanguages\"";
		};
		6AC48ADE1C8B96C1002E2890 /* Carthage */ = {
			isa = PBXShellScriptBuildPhase;
			buildActionMask = 2147483647;
			files = (
			);
			inputPaths = (
				"$(SRCROOT)/Carthage/Build/iOS/ReactiveCocoa.framework",
				"$(SRCROOT)/Carthage/Build/iOS/Result.framework",
				"$(SRCROOT)/Carthage/Build/iOS/Swiftz.framework",
				"$(SRCROOT)/Carthage/Build/iOS/Swinject.framework",
				"$(SRCROOT)/Carthage/Build/iOS/TransitionOperator.framework",
				"$(SRCROOT)/Carthage/Build/iOS/Rex.framework",
				"$(SRCROOT)/Carthage/Build/iOS/APIKit.framework",
				"$(SRCROOT)/Carthage/Build/iOS/Himotoki.framework",
				"$(SRCROOT)/Carthage/Build/iOS/Realm.framework",
				"$(SRCROOT)/Carthage/Build/iOS/RealmSwift.framework",
			);
			name = Carthage;
			outputPaths = (
			);
			runOnlyForDeploymentPostprocessing = 0;
			shellPath = /bin/sh;
			shellScript = "/usr/local/bin/carthage copy-frameworks";
		};
		7B301CA9E7D79780B77CD2C8 /* Check Pods Manifest.lock */ = {
			isa = PBXShellScriptBuildPhase;
			buildActionMask = 2147483647;
			files = (
			);
			inputPaths = (
			);
			name = "Check Pods Manifest.lock";
			outputPaths = (
			);
			runOnlyForDeploymentPostprocessing = 0;
			shellPath = /bin/sh;
			shellScript = "diff \"${PODS_ROOT}/../Podfile.lock\" \"${PODS_ROOT}/Manifest.lock\" > /dev/null\nif [[ $? != 0 ]] ; then\n    cat << EOM\nerror: The sandbox is not in sync with the Podfile.lock. Run 'pod install' or update your CocoaPods installation.\nEOM\n    exit 1\nfi\n";
			showEnvVarsInLog = 0;
		};
		DEA7E488D4A1951187F56A8C /* Embed Pods Frameworks */ = {
			isa = PBXShellScriptBuildPhase;
			buildActionMask = 2147483647;
			files = (
			);
			inputPaths = (
			);
			name = "Embed Pods Frameworks";
			outputPaths = (
			);
			runOnlyForDeploymentPostprocessing = 0;
			shellPath = /bin/sh;
			shellScript = "\"${SRCROOT}/Pods/Target Support Files/Pods-GetLanguagesTests/Pods-GetLanguagesTests-frameworks.sh\"\n";
			showEnvVarsInLog = 0;
		};
		E3A4F53D39DD13C2D4544532 /* Check Pods Manifest.lock */ = {
			isa = PBXShellScriptBuildPhase;
			buildActionMask = 2147483647;
			files = (
			);
			inputPaths = (
			);
			name = "Check Pods Manifest.lock";
			outputPaths = (
			);
			runOnlyForDeploymentPostprocessing = 0;
			shellPath = /bin/sh;
			shellScript = "diff \"${PODS_ROOT}/../Podfile.lock\" \"${PODS_ROOT}/Manifest.lock\" > /dev/null\nif [[ $? != 0 ]] ; then\n    cat << EOM\nerror: The sandbox is not in sync with the Podfile.lock. Run 'pod install' or update your CocoaPods installation.\nEOM\n    exit 1\nfi\n";
			showEnvVarsInLog = 0;
		};
		F4FB80EF51D925A8EC422030 /* Check Pods Manifest.lock */ = {
			isa = PBXShellScriptBuildPhase;
			buildActionMask = 2147483647;
			files = (
			);
			inputPaths = (
			);
			name = "Check Pods Manifest.lock";
			outputPaths = (
			);
			runOnlyForDeploymentPostprocessing = 0;
			shellPath = /bin/sh;
			shellScript = "diff \"${PODS_ROOT}/../Podfile.lock\" \"${PODS_ROOT}/Manifest.lock\" > /dev/null\nif [[ $? != 0 ]] ; then\n    cat << EOM\nerror: The sandbox is not in sync with the Podfile.lock. Run 'pod install' or update your CocoaPods installation.\nEOM\n    exit 1\nfi\n";
			showEnvVarsInLog = 0;
		};
/* End PBXShellScriptBuildPhase section */

/* Begin PBXSourcesBuildPhase section */
		6AC48A961C8B9419002E2890 /* Sources */ = {
			isa = PBXSourcesBuildPhase;
			buildActionMask = 2147483647;
			files = (
				6AC48A9E1C8B9419002E2890 /* AppDelegate.swift in Sources */,
				6AC48ACD1C8B9584002E2890 /* R.generated.swift in Sources */,
				6AC48AE11C8B9EAD002E2890 /* LanguageCatcherViewController.swift in Sources */,
				CB876FB2DD8CDD1C42A7D1FE /* LanguageCatcherPresenterType.swift in Sources */,
				CB8760D3AD4D4398D9790BC9 /* LanguageCatcherPresenter.swift in Sources */,
				CB8764055461FEB004EC2F25 /* LanguageCatcherAssembly.swift in Sources */,
				CB87624270DEB3218C8796DE /* Assembler.swift in Sources */,
				CB8767857995C217078C65BA /* UnconfirmedLanguageViewModel.swift in Sources */,
				CB87684226157B7ECA7CBB58 /* ProgrammingLanguage.swift in Sources */,
				CB8765A29D09A21708313727 /* FieldView.swift in Sources */,
				CB876F14B31A55CFE6AE7FA6 /* UnconfirmedLanguageView.swift in Sources */,
				CB876F0E3027781AB4201C66 /* ReactiveCocoa+Extensions.swift in Sources */,
				CB8766E543C0C0BC032D9FC5 /* UnconfirmedLanguageViewModelType.swift in Sources */,
				CB876485F97978356A0F43FF /* PositionMakerType.swift in Sources */,
				CB876F4551C3195FEB8FAE81 /* RandomPositionMaker.swift in Sources */,
				CB8768C0084C6D1D838D5C44 /* ColorMakerType.swift in Sources */,
				CB876D51F7E7A9054D29ABD9 /* RandomColorMaker.swift in Sources */,
				CB876B30160AF2CC5BFAFAB0 /* LanguageCatcherInteractorType.swift in Sources */,
				CB876B0289AF03EE2038881B /* LanguageCatcherInteractor.swift in Sources */,
				CB8764832C45ADEDD9475E4F /* UnconfirmedLanguageViewModelTranslator.swift in Sources */,
				CB876F10F572F807B2ACD5D4 /* TranslatorType.swift in Sources */,
				CB8765582174D12CA711ADDD /* LanguageCatcherDataManagerType.swift in Sources */,
				CB8764521B21DA4F91D7DAF8 /* LanguageCatcherDataManager.swift in Sources */,
				CB8765F48A0670DF27644EA9 /* WikipediaRequestType.swift in Sources */,
				CB8763A54BE86FDC37DCCF05 /* WikipediaCategoryRequest.swift in Sources */,
				CB876D0926013C22191B73EF /* LanguageInfo.swift in Sources */,
				CB876059D1304DF4A8E77E9F /* LanguageInfoTranslator.swift in Sources */,
				CB8764E1174D01F0D89B1C69 /* Translator.swift in Sources */,
				6ACE146C1C90D46700DADF3F /* CaughtLanguageListViewController.swift in Sources */,
				CB8762D2AEE244F407DD8660 /* LanguageType.swift in Sources */,
				CB876FA509F21A13A1C81284 /* LanguageCatcherAPIDataManager.swift in Sources */,
				CB876FDB37597607C2E23861 /* LanguageCatcherAPIDataManagerType.swift in Sources */,
				CB8766832111578F122EB7DC /* LanguageCatcherWireframe.swift in Sources */,
				CB876A991F05BB007B5F2B77 /* CaughtLanguageListWireframe.swift in Sources */,
				CB876CC4EB09BF99687C01C1 /* CaughtLanguageListAssembly.swift in Sources */,
				CB876709D89606E64DF349FC /* LanguageCatcherTransition.swift in Sources */,
				CB8769F889E8ADF95D99C147 /* CaughtLanguageListPresenterType.swift in Sources */,
				CB876A4EFD58F12E8D0C8651 /* CaughtLanguageListPresenter.swift in Sources */,
				CB876FA57E3F593C6FEEF6F8 /* Basket.swift in Sources */,
				CB876A17E9C692BE5B7AF544 /* SourceType.swift in Sources */,
			);
			runOnlyForDeploymentPostprocessing = 0;
		};
		6AC48AAA1C8B9419002E2890 /* Sources */ = {
			isa = PBXSourcesBuildPhase;
			buildActionMask = 2147483647;
			files = (
				CB876978EB0BE6D3AAAADAAC /* LanguageCatcherPresenterSpec.swift in Sources */,
				CB8768290AE1C27614A9815F /* UnconfirmedLanguageViewSpec.swift in Sources */,
				CB8766DC9800684E52726E06 /* UnconfirmedLanguageViewModelSpec.swift in Sources */,
				CB8761E51C63FF06C1CBDC39 /* StaticColorMaker.swift in Sources */,
				CB87661BE8C6F86F25214702 /* StaticPositionMaker.swift in Sources */,
				CB87607897BB6CDF0C8F56A8 /* LanguageCatcherInteractorSpec.swift in Sources */,
				CB876D27C9651ECBE0BF50B2 /* TestingLanguageCatcherInteractor.swift in Sources */,
				CB87635424767F9B8A34E9E7 /* LanguageCatcherLocalDataManagerSpec.swift in Sources */,
				CB876F5A0BB980A95F165A05 /* TestingLanguageCatcherLocalDataManager.swift in Sources */,
				CB876489D10FA86609F2D8EF /* UnconfirmedLanguageSpec.swift in Sources */,
				CB87607064FDD0752554E42A /* LanguageInfoTranslatorSpec.swift in Sources */,
				CB8764E146C485560FDA2459 /* RandomColorMakerSpec.swift in Sources */,
				CB87682ED3FA024D1D6684D3 /* RandomPositionMakerSpec.swift in Sources */,
				CB876102B12F0B8BCAD89B48 /* UnconfirmedLanguageViewModelTranslatorSpec.swift in Sources */,
				CB876EF93284C27CDDBE2444 /* TestingLanguageCatcherAPIDataManager.swift in Sources */,
				CB876A50C029A70E4D7229CA /* LanguageCatcherAPIDataManagerSpec.swift in Sources */,
				CB876CEAB1B9E16FDDBF5FC7 /* LanguageCatcherViewControllerSpec.swift in Sources */,
				CB876F815F6A0952A6CC5546 /* TestingLanguageCatcherPresenter.swift in Sources */,
				CB87684BF547CB33CDFB1F35 /* LanguageCatcherTransitionSpec.swift in Sources */,
				CB87633A1DA2B04FD866500D /* TestingTransitionExecutor.swift in Sources */,
				CB8766CC92B31D471C0368D6 /* TestingCaughtLanguageListPresenter.swift in Sources */,
				CB8768792B736729704164A6 /* BasketSpec.swift in Sources */,
			);
			runOnlyForDeploymentPostprocessing = 0;
		};
		6AC48AB51C8B9419002E2890 /* Sources */ = {
			isa = PBXSourcesBuildPhase;
			buildActionMask = 2147483647;
			files = (
				6AC48ABE1C8B9419002E2890 /* GetLanguagesUITests.swift in Sources */,
			);
			runOnlyForDeploymentPostprocessing = 0;
		};
/* End PBXSourcesBuildPhase section */

/* Begin PBXTargetDependency section */
		6AC48AB01C8B9419002E2890 /* PBXTargetDependency */ = {
			isa = PBXTargetDependency;
			target = 6AC48A991C8B9419002E2890 /* GetLanguages */;
			targetProxy = 6AC48AAF1C8B9419002E2890 /* PBXContainerItemProxy */;
		};
		6AC48ABB1C8B9419002E2890 /* PBXTargetDependency */ = {
			isa = PBXTargetDependency;
			target = 6AC48A991C8B9419002E2890 /* GetLanguages */;
			targetProxy = 6AC48ABA1C8B9419002E2890 /* PBXContainerItemProxy */;
		};
/* End PBXTargetDependency section */

/* Begin PBXVariantGroup section */
		6AC48AA11C8B9419002E2890 /* Main.storyboard */ = {
			isa = PBXVariantGroup;
			children = (
				6AC48AA21C8B9419002E2890 /* Base */,
			);
			name = Main.storyboard;
			sourceTree = "<group>";
		};
		6AC48AA61C8B9419002E2890 /* LaunchScreen.storyboard */ = {
			isa = PBXVariantGroup;
			children = (
				6AC48AA71C8B9419002E2890 /* Base */,
			);
			name = LaunchScreen.storyboard;
			sourceTree = "<group>";
		};
/* End PBXVariantGroup section */

/* Begin XCBuildConfiguration section */
		6AC48AC01C8B9419002E2890 /* Debug */ = {
			isa = XCBuildConfiguration;
			buildSettings = {
				ALWAYS_SEARCH_USER_PATHS = NO;
				CLANG_CXX_LANGUAGE_STANDARD = "gnu++0x";
				CLANG_CXX_LIBRARY = "libc++";
				CLANG_ENABLE_MODULES = YES;
				CLANG_ENABLE_OBJC_ARC = YES;
				CLANG_WARN_BOOL_CONVERSION = YES;
				CLANG_WARN_CONSTANT_CONVERSION = YES;
				CLANG_WARN_DIRECT_OBJC_ISA_USAGE = YES_ERROR;
				CLANG_WARN_EMPTY_BODY = YES;
				CLANG_WARN_ENUM_CONVERSION = YES;
				CLANG_WARN_INT_CONVERSION = YES;
				CLANG_WARN_OBJC_ROOT_CLASS = YES_ERROR;
				CLANG_WARN_UNREACHABLE_CODE = YES;
				CLANG_WARN__DUPLICATE_METHOD_MATCH = YES;
				"CODE_SIGN_IDENTITY[sdk=iphoneos*]" = "iPhone Developer";
				COPY_PHASE_STRIP = NO;
				DEBUG_INFORMATION_FORMAT = dwarf;
				ENABLE_STRICT_OBJC_MSGSEND = YES;
				ENABLE_TESTABILITY = YES;
				GCC_C_LANGUAGE_STANDARD = gnu99;
				GCC_DYNAMIC_NO_PIC = NO;
				GCC_NO_COMMON_BLOCKS = YES;
				GCC_OPTIMIZATION_LEVEL = 0;
				GCC_PREPROCESSOR_DEFINITIONS = (
					"DEBUG=1",
					"$(inherited)",
				);
				GCC_WARN_64_TO_32_BIT_CONVERSION = YES;
				GCC_WARN_ABOUT_RETURN_TYPE = YES_ERROR;
				GCC_WARN_UNDECLARED_SELECTOR = YES;
				GCC_WARN_UNINITIALIZED_AUTOS = YES_AGGRESSIVE;
				GCC_WARN_UNUSED_FUNCTION = YES;
				GCC_WARN_UNUSED_VARIABLE = YES;
				IPHONEOS_DEPLOYMENT_TARGET = 9.2;
				MTL_ENABLE_DEBUG_INFO = YES;
				ONLY_ACTIVE_ARCH = YES;
				SDKROOT = iphoneos;
				SWIFT_OPTIMIZATION_LEVEL = "-Onone";
			};
			name = Debug;
		};
		6AC48AC11C8B9419002E2890 /* Release */ = {
			isa = XCBuildConfiguration;
			buildSettings = {
				ALWAYS_SEARCH_USER_PATHS = NO;
				CLANG_CXX_LANGUAGE_STANDARD = "gnu++0x";
				CLANG_CXX_LIBRARY = "libc++";
				CLANG_ENABLE_MODULES = YES;
				CLANG_ENABLE_OBJC_ARC = YES;
				CLANG_WARN_BOOL_CONVERSION = YES;
				CLANG_WARN_CONSTANT_CONVERSION = YES;
				CLANG_WARN_DIRECT_OBJC_ISA_USAGE = YES_ERROR;
				CLANG_WARN_EMPTY_BODY = YES;
				CLANG_WARN_ENUM_CONVERSION = YES;
				CLANG_WARN_INT_CONVERSION = YES;
				CLANG_WARN_OBJC_ROOT_CLASS = YES_ERROR;
				CLANG_WARN_UNREACHABLE_CODE = YES;
				CLANG_WARN__DUPLICATE_METHOD_MATCH = YES;
				"CODE_SIGN_IDENTITY[sdk=iphoneos*]" = "iPhone Developer";
				COPY_PHASE_STRIP = NO;
				DEBUG_INFORMATION_FORMAT = "dwarf-with-dsym";
				ENABLE_NS_ASSERTIONS = NO;
				ENABLE_STRICT_OBJC_MSGSEND = YES;
				GCC_C_LANGUAGE_STANDARD = gnu99;
				GCC_NO_COMMON_BLOCKS = YES;
				GCC_WARN_64_TO_32_BIT_CONVERSION = YES;
				GCC_WARN_ABOUT_RETURN_TYPE = YES_ERROR;
				GCC_WARN_UNDECLARED_SELECTOR = YES;
				GCC_WARN_UNINITIALIZED_AUTOS = YES_AGGRESSIVE;
				GCC_WARN_UNUSED_FUNCTION = YES;
				GCC_WARN_UNUSED_VARIABLE = YES;
				IPHONEOS_DEPLOYMENT_TARGET = 9.2;
				MTL_ENABLE_DEBUG_INFO = NO;
				SDKROOT = iphoneos;
				VALIDATE_PRODUCT = YES;
			};
			name = Release;
		};
		6AC48AC31C8B9419002E2890 /* Debug */ = {
			isa = XCBuildConfiguration;
			baseConfigurationReference = 88D91ACE3700DB9B499F6161 /* Pods.debug.xcconfig */;
			buildSettings = {
				ASSETCATALOG_COMPILER_APPICON_NAME = AppIcon;
				FRAMEWORK_SEARCH_PATHS = (
					"$(inherited)",
					"$(PROJECT_DIR)/Carthage/Build/iOS",
				);
				INFOPLIST_FILE = GetLanguages/Info.plist;
				IPHONEOS_DEPLOYMENT_TARGET = 9.0;
				LD_RUNPATH_SEARCH_PATHS = "$(inherited) @executable_path/Frameworks";
				PRODUCT_BUNDLE_IDENTIFIER = jp.caph.GetLanguages;
				PRODUCT_NAME = "$(TARGET_NAME)";
			};
			name = Debug;
		};
		6AC48AC41C8B9419002E2890 /* Release */ = {
			isa = XCBuildConfiguration;
			baseConfigurationReference = 7FD708EBACC7FBE44D48B67F /* Pods.release.xcconfig */;
			buildSettings = {
				ASSETCATALOG_COMPILER_APPICON_NAME = AppIcon;
				FRAMEWORK_SEARCH_PATHS = (
					"$(inherited)",
					"$(PROJECT_DIR)/Carthage/Build/iOS",
				);
				INFOPLIST_FILE = GetLanguages/Info.plist;
				IPHONEOS_DEPLOYMENT_TARGET = 9.0;
				LD_RUNPATH_SEARCH_PATHS = "$(inherited) @executable_path/Frameworks";
				PRODUCT_BUNDLE_IDENTIFIER = jp.caph.GetLanguages;
				PRODUCT_NAME = "$(TARGET_NAME)";
			};
			name = Release;
		};
		6AC48AC61C8B9419002E2890 /* Debug */ = {
			isa = XCBuildConfiguration;
			baseConfigurationReference = 1DBB9ED33DDC808C88C3B514 /* Pods-GetLanguagesTests.debug.xcconfig */;
			buildSettings = {
				BUNDLE_LOADER = "$(TEST_HOST)";
				FRAMEWORK_SEARCH_PATHS = (
					"$(inherited)",
					"$(PROJECT_DIR)/Carthage/Build/iOS",
				);
				INFOPLIST_FILE = GetLanguagesTests/Info.plist;
				LD_RUNPATH_SEARCH_PATHS = "$(inherited) @executable_path/Frameworks @loader_path/Frameworks";
				PRODUCT_BUNDLE_IDENTIFIER = jp.caph.GetLanguagesTests;
				PRODUCT_NAME = "$(TARGET_NAME)";
				TEST_HOST = "$(BUILT_PRODUCTS_DIR)/GetLanguages.app/GetLanguages";
			};
			name = Debug;
		};
		6AC48AC71C8B9419002E2890 /* Release */ = {
			isa = XCBuildConfiguration;
			baseConfigurationReference = 5D42D7F9D5935409AF145BF0 /* Pods-GetLanguagesTests.release.xcconfig */;
			buildSettings = {
				BUNDLE_LOADER = "$(TEST_HOST)";
				FRAMEWORK_SEARCH_PATHS = (
					"$(inherited)",
					"$(PROJECT_DIR)/Carthage/Build/iOS",
				);
				INFOPLIST_FILE = GetLanguagesTests/Info.plist;
				LD_RUNPATH_SEARCH_PATHS = "$(inherited) @executable_path/Frameworks @loader_path/Frameworks";
				PRODUCT_BUNDLE_IDENTIFIER = jp.caph.GetLanguagesTests;
				PRODUCT_NAME = "$(TARGET_NAME)";
				TEST_HOST = "$(BUILT_PRODUCTS_DIR)/GetLanguages.app/GetLanguages";
			};
			name = Release;
		};
		6AC48AC91C8B9419002E2890 /* Debug */ = {
			isa = XCBuildConfiguration;
			baseConfigurationReference = C47D026B2A21C5562E30C051 /* Pods-GetLanguagesUITests.debug.xcconfig */;
			buildSettings = {
				FRAMEWORK_SEARCH_PATHS = (
					"$(inherited)",
					"$(PROJECT_DIR)/Carthage/Build/iOS",
				);
				INFOPLIST_FILE = GetLanguagesUITests/Info.plist;
				LD_RUNPATH_SEARCH_PATHS = "$(inherited) @executable_path/Frameworks @loader_path/Frameworks";
				PRODUCT_BUNDLE_IDENTIFIER = jp.caph.GetLanguagesUITests;
				PRODUCT_NAME = "$(TARGET_NAME)";
				TEST_TARGET_NAME = GetLanguages;
				USES_XCTRUNNER = YES;
			};
			name = Debug;
		};
		6AC48ACA1C8B9419002E2890 /* Release */ = {
			isa = XCBuildConfiguration;
			baseConfigurationReference = 1832494ABAAACCD2ADFA5039 /* Pods-GetLanguagesUITests.release.xcconfig */;
			buildSettings = {
				FRAMEWORK_SEARCH_PATHS = (
					"$(inherited)",
					"$(PROJECT_DIR)/Carthage/Build/iOS",
				);
				INFOPLIST_FILE = GetLanguagesUITests/Info.plist;
				LD_RUNPATH_SEARCH_PATHS = "$(inherited) @executable_path/Frameworks @loader_path/Frameworks";
				PRODUCT_BUNDLE_IDENTIFIER = jp.caph.GetLanguagesUITests;
				PRODUCT_NAME = "$(TARGET_NAME)";
				TEST_TARGET_NAME = GetLanguages;
				USES_XCTRUNNER = YES;
			};
			name = Release;
		};
/* End XCBuildConfiguration section */

/* Begin XCConfigurationList section */
		6AC48A951C8B9419002E2890 /* Build configuration list for PBXProject "GetLanguages" */ = {
			isa = XCConfigurationList;
			buildConfigurations = (
				6AC48AC01C8B9419002E2890 /* Debug */,
				6AC48AC11C8B9419002E2890 /* Release */,
			);
			defaultConfigurationIsVisible = 0;
			defaultConfigurationName = Release;
		};
		6AC48AC21C8B9419002E2890 /* Build configuration list for PBXNativeTarget "GetLanguages" */ = {
			isa = XCConfigurationList;
			buildConfigurations = (
				6AC48AC31C8B9419002E2890 /* Debug */,
				6AC48AC41C8B9419002E2890 /* Release */,
			);
			defaultConfigurationIsVisible = 0;
			defaultConfigurationName = Release;
		};
		6AC48AC51C8B9419002E2890 /* Build configuration list for PBXNativeTarget "GetLanguagesTests" */ = {
			isa = XCConfigurationList;
			buildConfigurations = (
				6AC48AC61C8B9419002E2890 /* Debug */,
				6AC48AC71C8B9419002E2890 /* Release */,
			);
			defaultConfigurationIsVisible = 0;
			defaultConfigurationName = Release;
		};
		6AC48AC81C8B9419002E2890 /* Build configuration list for PBXNativeTarget "GetLanguagesUITests" */ = {
			isa = XCConfigurationList;
			buildConfigurations = (
				6AC48AC91C8B9419002E2890 /* Debug */,
				6AC48ACA1C8B9419002E2890 /* Release */,
			);
			defaultConfigurationIsVisible = 0;
			defaultConfigurationName = Release;
		};
/* End XCConfigurationList section */
	};
	rootObject = 6AC48A921C8B9419002E2890 /* Project object */;
}
